// !$*UTF8*$!
{
	archiveVersion = 1;
	classes = {
	};
	objectVersion = 56;
	objects = {

/* Begin PBXBuildFile section */
		6F7F3A912A5BE71A0093AB6D /* MC3_TestApp.swift in Sources */ = {isa = PBXBuildFile; fileRef = 6F7F3A902A5BE71A0093AB6D /* MC3_TestApp.swift */; };
		6F7F3A932A5BE71A0093AB6D /* ContentView.swift in Sources */ = {isa = PBXBuildFile; fileRef = 6F7F3A922A5BE71A0093AB6D /* ContentView.swift */; };
		6F7F3A952A5BE71B0093AB6D /* Assets.xcassets in Resources */ = {isa = PBXBuildFile; fileRef = 6F7F3A942A5BE71B0093AB6D /* Assets.xcassets */; };
		6F7F3A982A5BE71B0093AB6D /* Preview Assets.xcassets in Resources */ = {isa = PBXBuildFile; fileRef = 6F7F3A972A5BE71B0093AB6D /* Preview Assets.xcassets */; };
		6F7F3AA02A5BEB810093AB6D /* SetNameView.swift in Sources */ = {isa = PBXBuildFile; fileRef = 6F7F3A9F2A5BEB810093AB6D /* SetNameView.swift */; };
		6F7F3AA22A5BEC5C0093AB6D /* SetNameViewModel.swift in Sources */ = {isa = PBXBuildFile; fileRef = 6F7F3AA12A5BEC5C0093AB6D /* SetNameViewModel.swift */; };
		6F7F3AA42A5BFBF80093AB6D /* SetImageView.swift in Sources */ = {isa = PBXBuildFile; fileRef = 6F7F3AA32A5BFBF80093AB6D /* SetImageView.swift */; };
		6F7F3AA62A5C1A0F0093AB6D /* Model.swift in Sources */ = {isa = PBXBuildFile; fileRef = 6F7F3AA52A5C1A0F0093AB6D /* Model.swift */; };
		6F7F3AA82A5C34D70093AB6D /* SetImageViewModel.swift in Sources */ = {isa = PBXBuildFile; fileRef = 6F7F3AA72A5C34D70093AB6D /* SetImageViewModel.swift */; };
		6F7F3AAA2A5D32C50093AB6D /* MainView.swift in Sources */ = {isa = PBXBuildFile; fileRef = 6F7F3AA92A5D32C50093AB6D /* MainView.swift */; };
		6F7F3AAC2A5D350B0093AB6D /* MainViewModel.swift in Sources */ = {isa = PBXBuildFile; fileRef = 6F7F3AAB2A5D350B0093AB6D /* MainViewModel.swift */; };
		6F7F3AAE2A5D390F0093AB6D /* UpdateProfileView.swift in Sources */ = {isa = PBXBuildFile; fileRef = 6F7F3AAD2A5D390F0093AB6D /* UpdateProfileView.swift */; };
		6F7F3AB02A5D3AE30093AB6D /* UpdateProfileViewModel.swift in Sources */ = {isa = PBXBuildFile; fileRef = 6F7F3AAF2A5D3AE30093AB6D /* UpdateProfileViewModel.swift */; };
/* End PBXBuildFile section */

/* Begin PBXFileReference section */
		6F7F3A8D2A5BE71A0093AB6D /* MC3_Test.app */ = {isa = PBXFileReference; explicitFileType = wrapper.application; includeInIndex = 0; path = MC3_Test.app; sourceTree = BUILT_PRODUCTS_DIR; };
		6F7F3A902A5BE71A0093AB6D /* MC3_TestApp.swift */ = {isa = PBXFileReference; lastKnownFileType = sourcecode.swift; path = MC3_TestApp.swift; sourceTree = "<group>"; };
		6F7F3A922A5BE71A0093AB6D /* ContentView.swift */ = {isa = PBXFileReference; lastKnownFileType = sourcecode.swift; path = ContentView.swift; sourceTree = "<group>"; };
		6F7F3A942A5BE71B0093AB6D /* Assets.xcassets */ = {isa = PBXFileReference; lastKnownFileType = folder.assetcatalog; path = Assets.xcassets; sourceTree = "<group>"; };
		6F7F3A972A5BE71B0093AB6D /* Preview Assets.xcassets */ = {isa = PBXFileReference; lastKnownFileType = folder.assetcatalog; path = "Preview Assets.xcassets"; sourceTree = "<group>"; };
		6F7F3A9E2A5BE7DA0093AB6D /* MC3_Test.entitlements */ = {isa = PBXFileReference; lastKnownFileType = text.plist.entitlements; path = MC3_Test.entitlements; sourceTree = "<group>"; };
		6F7F3A9F2A5BEB810093AB6D /* SetNameView.swift */ = {isa = PBXFileReference; lastKnownFileType = sourcecode.swift; path = SetNameView.swift; sourceTree = "<group>"; };
		6F7F3AA12A5BEC5C0093AB6D /* SetNameViewModel.swift */ = {isa = PBXFileReference; lastKnownFileType = sourcecode.swift; path = SetNameViewModel.swift; sourceTree = "<group>"; };
		6F7F3AA32A5BFBF80093AB6D /* SetImageView.swift */ = {isa = PBXFileReference; lastKnownFileType = sourcecode.swift; path = SetImageView.swift; sourceTree = "<group>"; };
		6F7F3AA52A5C1A0F0093AB6D /* Model.swift */ = {isa = PBXFileReference; lastKnownFileType = sourcecode.swift; path = Model.swift; sourceTree = "<group>"; };
		6F7F3AA72A5C34D70093AB6D /* SetImageViewModel.swift */ = {isa = PBXFileReference; lastKnownFileType = sourcecode.swift; path = SetImageViewModel.swift; sourceTree = "<group>"; };
		6F7F3AA92A5D32C50093AB6D /* MainView.swift */ = {isa = PBXFileReference; lastKnownFileType = sourcecode.swift; path = MainView.swift; sourceTree = "<group>"; };
		6F7F3AAB2A5D350B0093AB6D /* MainViewModel.swift */ = {isa = PBXFileReference; lastKnownFileType = sourcecode.swift; path = MainViewModel.swift; sourceTree = "<group>"; };
		6F7F3AAD2A5D390F0093AB6D /* UpdateProfileView.swift */ = {isa = PBXFileReference; lastKnownFileType = sourcecode.swift; path = UpdateProfileView.swift; sourceTree = "<group>"; };
		6F7F3AAF2A5D3AE30093AB6D /* UpdateProfileViewModel.swift */ = {isa = PBXFileReference; lastKnownFileType = sourcecode.swift; path = UpdateProfileViewModel.swift; sourceTree = "<group>"; };
/* End PBXFileReference section */

/* Begin PBXFrameworksBuildPhase section */
		6F7F3A8A2A5BE71A0093AB6D /* Frameworks */ = {
			isa = PBXFrameworksBuildPhase;
			buildActionMask = 2147483647;
			files = (
			);
			runOnlyForDeploymentPostprocessing = 0;
		};
/* End PBXFrameworksBuildPhase section */

/* Begin PBXGroup section */
		6F7F3A842A5BE71A0093AB6D = {
			isa = PBXGroup;
			children = (
				6F7F3A8F2A5BE71A0093AB6D /* MC3_Test */,
				6F7F3A8E2A5BE71A0093AB6D /* Products */,
			);
			sourceTree = "<group>";
		};
		6F7F3A8E2A5BE71A0093AB6D /* Products */ = {
			isa = PBXGroup;
			children = (
				6F7F3A8D2A5BE71A0093AB6D /* MC3_Test.app */,
			);
			name = Products;
			sourceTree = "<group>";
		};
		6F7F3A8F2A5BE71A0093AB6D /* MC3_Test */ = {
			isa = PBXGroup;
			children = (
				6F7F3A9E2A5BE7DA0093AB6D /* MC3_Test.entitlements */,
				6F7F3A902A5BE71A0093AB6D /* MC3_TestApp.swift */,
				6F7F3A922A5BE71A0093AB6D /* ContentView.swift */,
				6F7F3A942A5BE71B0093AB6D /* Assets.xcassets */,
				6F7F3A962A5BE71B0093AB6D /* Preview Content */,
				6F7F3AB12A5D3F970093AB6D /* View */,
				6F7F3AB22A5D3FB80093AB6D /* ViewModel */,
			);
			path = MC3_Test;
			sourceTree = "<group>";
		};
		6F7F3A962A5BE71B0093AB6D /* Preview Content */ = {
			isa = PBXGroup;
			children = (
				6F7F3A972A5BE71B0093AB6D /* Preview Assets.xcassets */,
				6F7F3AA52A5C1A0F0093AB6D /* Model.swift */,
			);
			path = "Preview Content";
			sourceTree = "<group>";
		};
		6F7F3AB12A5D3F970093AB6D /* View */ = {
			isa = PBXGroup;
			children = (
				6F7F3A9F2A5BEB810093AB6D /* SetNameView.swift */,
				6F7F3AA32A5BFBF80093AB6D /* SetImageView.swift */,
				6F7F3AA92A5D32C50093AB6D /* MainView.swift */,
				6F7F3AAD2A5D390F0093AB6D /* UpdateProfileView.swift */,
			);
			path = View;
			sourceTree = "<group>";
		};
		6F7F3AB22A5D3FB80093AB6D /* ViewModel */ = {
			isa = PBXGroup;
			children = (
				6F7F3AA12A5BEC5C0093AB6D /* SetNameViewModel.swift */,
				6F7F3AA72A5C34D70093AB6D /* SetImageViewModel.swift */,
				6F7F3AAB2A5D350B0093AB6D /* MainViewModel.swift */,
				6F7F3AAF2A5D3AE30093AB6D /* UpdateProfileViewModel.swift */,
			);
			path = ViewModel;
			sourceTree = "<group>";
		};
/* End PBXGroup section */

/* Begin PBXNativeTarget section */
		6F7F3A8C2A5BE71A0093AB6D /* MC3_Test */ = {
			isa = PBXNativeTarget;
			buildConfigurationList = 6F7F3A9B2A5BE71B0093AB6D /* Build configuration list for PBXNativeTarget "MC3_Test" */;
			buildPhases = (
				6F7F3A892A5BE71A0093AB6D /* Sources */,
				6F7F3A8A2A5BE71A0093AB6D /* Frameworks */,
				6F7F3A8B2A5BE71A0093AB6D /* Resources */,
			);
			buildRules = (
			);
			dependencies = (
			);
			name = MC3_Test;
			productName = MC3_Test;
			productReference = 6F7F3A8D2A5BE71A0093AB6D /* MC3_Test.app */;
			productType = "com.apple.product-type.application";
		};
/* End PBXNativeTarget section */

/* Begin PBXProject section */
		6F7F3A852A5BE71A0093AB6D /* Project object */ = {
			isa = PBXProject;
			attributes = {
				BuildIndependentTargetsInParallel = 1;
				LastSwiftUpdateCheck = 1430;
				LastUpgradeCheck = 1430;
				TargetAttributes = {
					6F7F3A8C2A5BE71A0093AB6D = {
						CreatedOnToolsVersion = 14.3;
					};
				};
			};
			buildConfigurationList = 6F7F3A882A5BE71A0093AB6D /* Build configuration list for PBXProject "MC3_Test" */;
			compatibilityVersion = "Xcode 14.0";
			developmentRegion = en;
			hasScannedForEncodings = 0;
			knownRegions = (
				en,
				Base,
			);
			mainGroup = 6F7F3A842A5BE71A0093AB6D;
			productRefGroup = 6F7F3A8E2A5BE71A0093AB6D /* Products */;
			projectDirPath = "";
			projectRoot = "";
			targets = (
				6F7F3A8C2A5BE71A0093AB6D /* MC3_Test */,
			);
		};
/* End PBXProject section */

/* Begin PBXResourcesBuildPhase section */
		6F7F3A8B2A5BE71A0093AB6D /* Resources */ = {
			isa = PBXResourcesBuildPhase;
			buildActionMask = 2147483647;
			files = (
				6F7F3A982A5BE71B0093AB6D /* Preview Assets.xcassets in Resources */,
				6F7F3A952A5BE71B0093AB6D /* Assets.xcassets in Resources */,
			);
			runOnlyForDeploymentPostprocessing = 0;
		};
/* End PBXResourcesBuildPhase section */

/* Begin PBXSourcesBuildPhase section */
		6F7F3A892A5BE71A0093AB6D /* Sources */ = {
			isa = PBXSourcesBuildPhase;
			buildActionMask = 2147483647;
			files = (
				6F7F3AA02A5BEB810093AB6D /* SetNameView.swift in Sources */,
				6F7F3AAE2A5D390F0093AB6D /* UpdateProfileView.swift in Sources */,
				6F7F3AAA2A5D32C50093AB6D /* MainView.swift in Sources */,
				6F7F3AA82A5C34D70093AB6D /* SetImageViewModel.swift in Sources */,
				6F7F3AA42A5BFBF80093AB6D /* SetImageView.swift in Sources */,
				6F7F3A932A5BE71A0093AB6D /* ContentView.swift in Sources */,
				6F7F3AA62A5C1A0F0093AB6D /* Model.swift in Sources */,
				6F7F3AB02A5D3AE30093AB6D /* UpdateProfileViewModel.swift in Sources */,
				6F7F3AA22A5BEC5C0093AB6D /* SetNameViewModel.swift in Sources */,
				6F7F3A912A5BE71A0093AB6D /* MC3_TestApp.swift in Sources */,
				6F7F3AAC2A5D350B0093AB6D /* MainViewModel.swift in Sources */,
			);
			runOnlyForDeploymentPostprocessing = 0;
		};
/* End PBXSourcesBuildPhase section */

/* Begin XCBuildConfiguration section */
		6F7F3A992A5BE71B0093AB6D /* Debug */ = {
			isa = XCBuildConfiguration;
			buildSettings = {
				ALWAYS_SEARCH_USER_PATHS = NO;
				CLANG_ANALYZER_NONNULL = YES;
				CLANG_ANALYZER_NUMBER_OBJECT_CONVERSION = YES_AGGRESSIVE;
				CLANG_CXX_LANGUAGE_STANDARD = "gnu++20";
				CLANG_ENABLE_MODULES = YES;
				CLANG_ENABLE_OBJC_ARC = YES;
				CLANG_ENABLE_OBJC_WEAK = YES;
				CLANG_WARN_BLOCK_CAPTURE_AUTORELEASING = YES;
				CLANG_WARN_BOOL_CONVERSION = YES;
				CLANG_WARN_COMMA = YES;
				CLANG_WARN_CONSTANT_CONVERSION = YES;
				CLANG_WARN_DEPRECATED_OBJC_IMPLEMENTATIONS = YES;
				CLANG_WARN_DIRECT_OBJC_ISA_USAGE = YES_ERROR;
				CLANG_WARN_DOCUMENTATION_COMMENTS = YES;
				CLANG_WARN_EMPTY_BODY = YES;
				CLANG_WARN_ENUM_CONVERSION = YES;
				CLANG_WARN_INFINITE_RECURSION = YES;
				CLANG_WARN_INT_CONVERSION = YES;
				CLANG_WARN_NON_LITERAL_NULL_CONVERSION = YES;
				CLANG_WARN_OBJC_IMPLICIT_RETAIN_SELF = YES;
				CLANG_WARN_OBJC_LITERAL_CONVERSION = YES;
				CLANG_WARN_OBJC_ROOT_CLASS = YES_ERROR;
				CLANG_WARN_QUOTED_INCLUDE_IN_FRAMEWORK_HEADER = YES;
				CLANG_WARN_RANGE_LOOP_ANALYSIS = YES;
				CLANG_WARN_STRICT_PROTOTYPES = YES;
				CLANG_WARN_SUSPICIOUS_MOVE = YES;
				CLANG_WARN_UNGUARDED_AVAILABILITY = YES_AGGRESSIVE;
				CLANG_WARN_UNREACHABLE_CODE = YES;
				CLANG_WARN__DUPLICATE_METHOD_MATCH = YES;
				COPY_PHASE_STRIP = NO;
				DEBUG_INFORMATION_FORMAT = dwarf;
				ENABLE_STRICT_OBJC_MSGSEND = YES;
				ENABLE_TESTABILITY = YES;
				GCC_C_LANGUAGE_STANDARD = gnu11;
				GCC_DYNAMIC_NO_PIC = NO;
				GCC_NO_COMMON_BLOCKS = YES;
				GCC_OPTIMIZATION_LEVEL = 0;
				GCC_PREPROCESSOR_DEFINITIONS = (
					"DEBUG=1",
					"$(inherited)",
				);
				GCC_WARN_64_TO_32_BIT_CONVERSION = YES;
				GCC_WARN_ABOUT_RETURN_TYPE = YES_ERROR;
				GCC_WARN_UNDECLARED_SELECTOR = YES;
				GCC_WARN_UNINITIALIZED_AUTOS = YES_AGGRESSIVE;
				GCC_WARN_UNUSED_FUNCTION = YES;
				GCC_WARN_UNUSED_VARIABLE = YES;
				IPHONEOS_DEPLOYMENT_TARGET = 16.4;
				MTL_ENABLE_DEBUG_INFO = INCLUDE_SOURCE;
				MTL_FAST_MATH = YES;
				ONLY_ACTIVE_ARCH = YES;
				SDKROOT = iphoneos;
				SWIFT_ACTIVE_COMPILATION_CONDITIONS = DEBUG;
				SWIFT_OPTIMIZATION_LEVEL = "-Onone";
			};
			name = Debug;
		};
		6F7F3A9A2A5BE71B0093AB6D /* Release */ = {
			isa = XCBuildConfiguration;
			buildSettings = {
				ALWAYS_SEARCH_USER_PATHS = NO;
				CLANG_ANALYZER_NONNULL = YES;
				CLANG_ANALYZER_NUMBER_OBJECT_CONVERSION = YES_AGGRESSIVE;
				CLANG_CXX_LANGUAGE_STANDARD = "gnu++20";
				CLANG_ENABLE_MODULES = YES;
				CLANG_ENABLE_OBJC_ARC = YES;
				CLANG_ENABLE_OBJC_WEAK = YES;
				CLANG_WARN_BLOCK_CAPTURE_AUTORELEASING = YES;
				CLANG_WARN_BOOL_CONVERSION = YES;
				CLANG_WARN_COMMA = YES;
				CLANG_WARN_CONSTANT_CONVERSION = YES;
				CLANG_WARN_DEPRECATED_OBJC_IMPLEMENTATIONS = YES;
				CLANG_WARN_DIRECT_OBJC_ISA_USAGE = YES_ERROR;
				CLANG_WARN_DOCUMENTATION_COMMENTS = YES;
				CLANG_WARN_EMPTY_BODY = YES;
				CLANG_WARN_ENUM_CONVERSION = YES;
				CLANG_WARN_INFINITE_RECURSION = YES;
				CLANG_WARN_INT_CONVERSION = YES;
				CLANG_WARN_NON_LITERAL_NULL_CONVERSION = YES;
				CLANG_WARN_OBJC_IMPLICIT_RETAIN_SELF = YES;
				CLANG_WARN_OBJC_LITERAL_CONVERSION = YES;
				CLANG_WARN_OBJC_ROOT_CLASS = YES_ERROR;
				CLANG_WARN_QUOTED_INCLUDE_IN_FRAMEWORK_HEADER = YES;
				CLANG_WARN_RANGE_LOOP_ANALYSIS = YES;
				CLANG_WARN_STRICT_PROTOTYPES = YES;
				CLANG_WARN_SUSPICIOUS_MOVE = YES;
				CLANG_WARN_UNGUARDED_AVAILABILITY = YES_AGGRESSIVE;
				CLANG_WARN_UNREACHABLE_CODE = YES;
				CLANG_WARN__DUPLICATE_METHOD_MATCH = YES;
				COPY_PHASE_STRIP = NO;
				DEBUG_INFORMATION_FORMAT = "dwarf-with-dsym";
				ENABLE_NS_ASSERTIONS = NO;
				ENABLE_STRICT_OBJC_MSGSEND = YES;
				GCC_C_LANGUAGE_STANDARD = gnu11;
				GCC_NO_COMMON_BLOCKS = YES;
				GCC_WARN_64_TO_32_BIT_CONVERSION = YES;
				GCC_WARN_ABOUT_RETURN_TYPE = YES_ERROR;
				GCC_WARN_UNDECLARED_SELECTOR = YES;
				GCC_WARN_UNINITIALIZED_AUTOS = YES_AGGRESSIVE;
				GCC_WARN_UNUSED_FUNCTION = YES;
				GCC_WARN_UNUSED_VARIABLE = YES;
				IPHONEOS_DEPLOYMENT_TARGET = 16.4;
				MTL_ENABLE_DEBUG_INFO = NO;
				MTL_FAST_MATH = YES;
				SDKROOT = iphoneos;
				SWIFT_COMPILATION_MODE = wholemodule;
				SWIFT_OPTIMIZATION_LEVEL = "-O";
				VALIDATE_PRODUCT = YES;
			};
			name = Release;
		};
		6F7F3A9C2A5BE71B0093AB6D /* Debug */ = {
			isa = XCBuildConfiguration;
			buildSettings = {
				ASSETCATALOG_COMPILER_APPICON_NAME = AppIcon;
				ASSETCATALOG_COMPILER_GLOBAL_ACCENT_COLOR_NAME = AccentColor;
				CODE_SIGN_ENTITLEMENTS = MC3_Test/MC3_Test.entitlements;
				CODE_SIGN_STYLE = Automatic;
				CURRENT_PROJECT_VERSION = 1;
				DEVELOPMENT_ASSET_PATHS = "\"MC3_Test/Preview Content\"";
				DEVELOPMENT_TEAM = 37UUYN2CGZ;
				ENABLE_PREVIEWS = YES;
				GENERATE_INFOPLIST_FILE = YES;
				INFOPLIST_KEY_UIApplicationSceneManifest_Generation = YES;
				INFOPLIST_KEY_UIApplicationSupportsIndirectInputEvents = YES;
				INFOPLIST_KEY_UILaunchScreen_Generation = YES;
				INFOPLIST_KEY_UISupportedInterfaceOrientations_iPad = "UIInterfaceOrientationPortrait UIInterfaceOrientationPortraitUpsideDown UIInterfaceOrientationLandscapeLeft UIInterfaceOrientationLandscapeRight";
				INFOPLIST_KEY_UISupportedInterfaceOrientations_iPhone = "UIInterfaceOrientationPortrait UIInterfaceOrientationLandscapeLeft UIInterfaceOrientationLandscapeRight";
				LD_RUNPATH_SEARCH_PATHS = (
					"$(inherited)",
					"@executable_path/Frameworks",
				);
				MARKETING_VERSION = 1.0;
				PRODUCT_BUNDLE_IDENTIFIER = eemdeeks.CloudKitProject;
				PRODUCT_NAME = "$(TARGET_NAME)";
				SWIFT_EMIT_LOC_STRINGS = YES;
				SWIFT_VERSION = 5.0;
				TARGETED_DEVICE_FAMILY = "1,2";
			};
			name = Debug;
		};
		6F7F3A9D2A5BE71B0093AB6D /* Release */ = {
			isa = XCBuildConfiguration;
			buildSettings = {
				ASSETCATALOG_COMPILER_APPICON_NAME = AppIcon;
				ASSETCATALOG_COMPILER_GLOBAL_ACCENT_COLOR_NAME = AccentColor;
				CODE_SIGN_ENTITLEMENTS = MC3_Test/MC3_Test.entitlements;
				CODE_SIGN_STYLE = Automatic;
				CURRENT_PROJECT_VERSION = 1;
				DEVELOPMENT_ASSET_PATHS = "\"MC3_Test/Preview Content\"";
				DEVELOPMENT_TEAM = 37UUYN2CGZ;
				ENABLE_PREVIEWS = YES;
				GENERATE_INFOPLIST_FILE = YES;
				INFOPLIST_KEY_UIApplicationSceneManifest_Generation = YES;
				INFOPLIST_KEY_UIApplicationSupportsIndirectInputEvents = YES;
				INFOPLIST_KEY_UILaunchScreen_Generation = YES;
				INFOPLIST_KEY_UISupportedInterfaceOrientations_iPad = "UIInterfaceOrientationPortrait UIInterfaceOrientationPortraitUpsideDown UIInterfaceOrientationLandscapeLeft UIInterfaceOrientationLandscapeRight";
				INFOPLIST_KEY_UISupportedInterfaceOrientations_iPhone = "UIInterfaceOrientationPortrait UIInterfaceOrientationLandscapeLeft UIInterfaceOrientationLandscapeRight";
				LD_RUNPATH_SEARCH_PATHS = (
					"$(inherited)",
					"@executable_path/Frameworks",
				);
				MARKETING_VERSION = 1.0;
				PRODUCT_BUNDLE_IDENTIFIER = eemdeeks.CloudKitProject;
				PRODUCT_NAME = "$(TARGET_NAME)";
				SWIFT_EMIT_LOC_STRINGS = YES;
				SWIFT_VERSION = 5.0;
				TARGETED_DEVICE_FAMILY = "1,2";
			};
			name = Release;
		};
/* End XCBuildConfiguration section */

/* Begin XCConfigurationList section */
		6F7F3A882A5BE71A0093AB6D /* Build configuration list for PBXProject "MC3_Test" */ = {
			isa = XCConfigurationList;
			buildConfigurations = (
				6F7F3A992A5BE71B0093AB6D /* Debug */,
				6F7F3A9A2A5BE71B0093AB6D /* Release */,
			);
			defaultConfigurationIsVisible = 0;
			defaultConfigurationName = Release;
		};
		6F7F3A9B2A5BE71B0093AB6D /* Build configuration list for PBXNativeTarget "MC3_Test" */ = {
			isa = XCConfigurationList;
			buildConfigurations = (
				6F7F3A9C2A5BE71B0093AB6D /* Debug */,
				6F7F3A9D2A5BE71B0093AB6D /* Release */,
			);
			defaultConfigurationIsVisible = 0;
			defaultConfigurationName = Release;
		};
/* End XCConfigurationList section */
	};
	rootObject = 6F7F3A852A5BE71A0093AB6D /* Project object */;
}
