// !$*UTF8*$!
{
	archiveVersion = 1;
	classes = {
	};
	objectVersion = 56;
	objects = {

/* Begin PBXBuildFile section */
		6F0DB5242A20A2D0007F3AE0 /* 9095.swift in Sources */ = {isa = PBXBuildFile; fileRef = 6F0DB5232A20A2D0007F3AE0 /* 9095.swift */; };
		6F1450942A132D9C0081772A /* 1475.swift in Sources */ = {isa = PBXBuildFile; fileRef = 6F1450932A132D9C0081772A /* 1475.swift */; };
		6F17E3C12BC0C75700DD7C03 /* e1.swift in Sources */ = {isa = PBXBuildFile; fileRef = 6F17E3C02BC0C75700DD7C03 /* e1.swift */; };
		6F17E3C32BC0D28B00DD7C03 /* e2.swift in Sources */ = {isa = PBXBuildFile; fileRef = 6F17E3C22BC0D28B00DD7C03 /* e2.swift */; };
		6F1A4F8429BB1AB000705EFD /* 10845.swift in Sources */ = {isa = PBXBuildFile; fileRef = 6F1A4F8329BB1AB000705EFD /* 10845.swift */; };
		6F1A62D32A1A39D00088C749 /* 1913.swift in Sources */ = {isa = PBXBuildFile; fileRef = 6F1A62D22A1A39D00088C749 /* 1913.swift */; };
		6F1A62D52A1A47130088C749 /* 9461.swift in Sources */ = {isa = PBXBuildFile; fileRef = 6F1A62D42A1A47130088C749 /* 9461.swift */; };
		6F2099FE2B8DBB3C00E269BE /* 단어변환.swift in Sources */ = {isa = PBXBuildFile; fileRef = 6F2099FD2B8DBB3C00E269BE /* 단어변환.swift */; };
		6F24030E29B8ACC200CC236B /* 15649.swift in Sources */ = {isa = PBXBuildFile; fileRef = 6F24030D29B8ACC200CC236B /* 15649.swift */; };
		6F24031029B8B2FF00CC236B /* 2609.swift in Sources */ = {isa = PBXBuildFile; fileRef = 6F24030F29B8B2FF00CC236B /* 2609.swift */; };
		6F2B660329BEB7B600D89CE2 /* 11653.swift in Sources */ = {isa = PBXBuildFile; fileRef = 6F2B660229BEB7B600D89CE2 /* 11653.swift */; };
		6F2B660529BEBC4D00D89CE2 /* 9020.swift in Sources */ = {isa = PBXBuildFile; fileRef = 6F2B660429BEBC4D00D89CE2 /* 9020.swift */; };
		6F2F7E2029FE31F0007FF00B /* 2947.swift in Sources */ = {isa = PBXBuildFile; fileRef = 6F2F7E1F29FE31F0007FF00B /* 2947.swift */; };
		6F369C2D29B81E3F00E2A3FE /* 1978.swift in Sources */ = {isa = PBXBuildFile; fileRef = 6F369C2C29B81E3F00E2A3FE /* 1978.swift */; };
		6F369C2F29B8274100E2A3FE /* 4948.swift in Sources */ = {isa = PBXBuildFile; fileRef = 6F369C2E29B8274100E2A3FE /* 4948.swift */; };
		6F37D7592A233CFE007A38A0 /* 1463.swift in Sources */ = {isa = PBXBuildFile; fileRef = 6F37D7582A233CFE007A38A0 /* 1463.swift */; };
		6F38B1B929BA05DA0092B94A /* 10828.swift in Sources */ = {isa = PBXBuildFile; fileRef = 6F38B1B829BA05DA0092B94A /* 10828.swift */; };
		6F38B1BB29BA0C5A0092B94A /* 9012.swift in Sources */ = {isa = PBXBuildFile; fileRef = 6F38B1BA29BA0C5A0092B94A /* 9012.swift */; };
		6F38B1BD29BA15400092B94A /* 10773.swift in Sources */ = {isa = PBXBuildFile; fileRef = 6F38B1BC29BA15400092B94A /* 10773.swift */; };
		6F38B1BF29BA1EDC0092B94A /* 1935.swift in Sources */ = {isa = PBXBuildFile; fileRef = 6F38B1BE29BA1EDC0092B94A /* 1935.swift */; };
		6F3934A02BD7B22D00ADF6EE /* 1.1.swift in Sources */ = {isa = PBXBuildFile; fileRef = 6F39349F2BD7B22D00ADF6EE /* 1.1.swift */; };
		6F3934A22BD7B59800ADF6EE /* 1.2.swift in Sources */ = {isa = PBXBuildFile; fileRef = 6F3934A12BD7B59800ADF6EE /* 1.2.swift */; };
		6F3934A52BD8E13B00ADF6EE /* 2.1.swift in Sources */ = {isa = PBXBuildFile; fileRef = 6F3934A42BD8E13B00ADF6EE /* 2.1.swift */; };
		6F3934A72BD8E60000ADF6EE /* 2.2.swift in Sources */ = {isa = PBXBuildFile; fileRef = 6F3934A62BD8E60000ADF6EE /* 2.2.swift */; };
		6F3AD26729FE5B7100EF70D5 /* 1431.swift in Sources */ = {isa = PBXBuildFile; fileRef = 6F3AD26629FE5B7100EF70D5 /* 1431.swift */; };
		6F3CCC672BDA3238004CE236 /* 소수 찾기.swift in Sources */ = {isa = PBXBuildFile; fileRef = 6F3CCC662BDA3238004CE236 /* 소수 찾기.swift */; };
		6F3CCC692BDF9139004CE236 /* 피로도.swift in Sources */ = {isa = PBXBuildFile; fileRef = 6F3CCC682BDF9139004CE236 /* 피로도.swift */; };
		6F3CCC6B2BDF993C004CE236 /* 최소직사각형.swift in Sources */ = {isa = PBXBuildFile; fileRef = 6F3CCC6A2BDF993C004CE236 /* 최소직사각형.swift */; };
		6F3CCC6D2BDFA03F004CE236 /* 모의고사.swift in Sources */ = {isa = PBXBuildFile; fileRef = 6F3CCC6C2BDFA03F004CE236 /* 모의고사.swift */; };
		6F3CCC6F2BE0D16A004CE236 /* 전력망을 둘로 나누기.swift in Sources */ = {isa = PBXBuildFile; fileRef = 6F3CCC6E2BE0D16A004CE236 /* 전력망을 둘로 나누기.swift */; };
		6F3CCC712BE0DD70004CE236 /* 모음 사전.swift in Sources */ = {isa = PBXBuildFile; fileRef = 6F3CCC702BE0DD70004CE236 /* 모음 사전.swift */; };
		6F3CCC732BE21DA5004CE236 /* 네트워크.swift in Sources */ = {isa = PBXBuildFile; fileRef = 6F3CCC722BE21DA5004CE236 /* 네트워크.swift */; };
		6F3CCC752BE22519004CE236 /* 여행경로.swift in Sources */ = {isa = PBXBuildFile; fileRef = 6F3CCC742BE22519004CE236 /* 여행경로.swift */; };
		6F3D929929EEAEC10070CEDF /* 10870.swift in Sources */ = {isa = PBXBuildFile; fileRef = 6F3D929829EEAEC10070CEDF /* 10870.swift */; };
		6F3D929C29EEB16A0070CEDF /* 17478.swift in Sources */ = {isa = PBXBuildFile; fileRef = 6F3D929B29EEB16A0070CEDF /* 17478.swift */; };
		6F3D929E29EEC16B0070CEDF /* 1914.swift in Sources */ = {isa = PBXBuildFile; fileRef = 6F3D929D29EEC16B0070CEDF /* 1914.swift */; };
		6F4349FD29F545FF00C29485 /* 10799.swift in Sources */ = {isa = PBXBuildFile; fileRef = 6F4349FC29F545FF00C29485 /* 10799.swift */; };
		6F4349FF29F5523100C29485 /* 2493.swift in Sources */ = {isa = PBXBuildFile; fileRef = 6F4349FE29F5523100C29485 /* 2493.swift */; };
		6F434A0129F5691300C29485 /* 10814.swift in Sources */ = {isa = PBXBuildFile; fileRef = 6F434A0029F5691300C29485 /* 10814.swift */; };
		6F434A0329F570E300C29485 /* 1427.swift in Sources */ = {isa = PBXBuildFile; fileRef = 6F434A0229F570E300C29485 /* 1427.swift */; };
		6F434A0529F5759600C29485 /* cyndi.swift in Sources */ = {isa = PBXBuildFile; fileRef = 6F434A0429F5759600C29485 /* cyndi.swift */; };
		6F4355C529F4E11C00F66672 /* 올바른괄호.swift in Sources */ = {isa = PBXBuildFile; fileRef = 6F4355C429F4E11C00F66672 /* 올바른괄호.swift */; };
		6F50322A2A263CBB009E6ABB /* 2193.swift in Sources */ = {isa = PBXBuildFile; fileRef = 6F5032292A263CBB009E6ABB /* 2193.swift */; };
		6F54DF3129EC1760002EC070 /* 10866.swift in Sources */ = {isa = PBXBuildFile; fileRef = 6F54DF3029EC1760002EC070 /* 10866.swift */; };
		6F6170112A543FB0000A4596 /* 2872.swift in Sources */ = {isa = PBXBuildFile; fileRef = 6F6170102A543FB0000A4596 /* 2872.swift */; };
		6F62685E29C0982E00595458 /* 1406.swift in Sources */ = {isa = PBXBuildFile; fileRef = 6F62685D29C0982E00595458 /* 1406.swift */; };
		6F7381782B5BE98D0004BD46 /* targetNumber.swift in Sources */ = {isa = PBXBuildFile; fileRef = 6F7381772B5BE98D0004BD46 /* targetNumber.swift */; };
		6F78A0DE2B35636200C6B8D9 /* 10451.swift in Sources */ = {isa = PBXBuildFile; fileRef = 6F78A0DD2B35636200C6B8D9 /* 10451.swift */; };
		6F78E2DE2A52E0BA00A2CFD3 /* 1092.swift in Sources */ = {isa = PBXBuildFile; fileRef = 6F78E2DD2A52E0BA00A2CFD3 /* 1092.swift */; };
		6F78E2E02A52EE2200A2CFD3 /* 11501.swift in Sources */ = {isa = PBXBuildFile; fileRef = 6F78E2DF2A52EE2200A2CFD3 /* 11501.swift */; };
		6F7E33522A41BCC300A6AB59 /* binary search.swift in Sources */ = {isa = PBXBuildFile; fileRef = 6F7E33512A41BCC300A6AB59 /* binary search.swift */; };
		6F7E33542A41D31B00A6AB59 /* 10815.swift in Sources */ = {isa = PBXBuildFile; fileRef = 6F7E33532A41D31B00A6AB59 /* 10815.swift */; };
		6F7EDB162B09024200EB2790 /* number2.swift in Sources */ = {isa = PBXBuildFile; fileRef = 6F7EDB152B09024200EB2790 /* number2.swift */; };
		6F8565BE2A12592500FD0A58 /* 1966.swift in Sources */ = {isa = PBXBuildFile; fileRef = 6F8565BD2A12592500FD0A58 /* 1966.swift */; };
		6F8565C02A125F9D00FD0A58 /* 11866.swift in Sources */ = {isa = PBXBuildFile; fileRef = 6F8565BF2A125F9D00FD0A58 /* 11866.swift */; };
		6F8749822A189D4700F9E745 /* 1003.swift in Sources */ = {isa = PBXBuildFile; fileRef = 6F8749812A189D4700F9E745 /* 1003.swift */; };
		6F8B30302A0694DA0086B4D6 /* 2750.swift in Sources */ = {isa = PBXBuildFile; fileRef = 6F8B302F2A0694DA0086B4D6 /* 2750.swift */; };
		6F8B30322A0696500086B4D6 /* 10989.swift in Sources */ = {isa = PBXBuildFile; fileRef = 6F8B30312A0696500086B4D6 /* 10989.swift */; };
		6F8C37CE29C2B1110041BD40 /* 17103.swift in Sources */ = {isa = PBXBuildFile; fileRef = 6F8C37CD29C2B1110041BD40 /* 17103.swift */; };
		6F8C37D029C2B6570041BD40 /* 18258.swift in Sources */ = {isa = PBXBuildFile; fileRef = 6F8C37CF29C2B6570041BD40 /* 18258.swift */; };
		6F98A0B729B6DBE700163FE9 /* 8393.swift in Sources */ = {isa = PBXBuildFile; fileRef = 6F98A0B629B6DBE700163FE9 /* 8393.swift */; };
		6F98A0BF29B6DD1E00163FE9 /* main.swift in Sources */ = {isa = PBXBuildFile; fileRef = 6F98A0BE29B6DD1E00163FE9 /* main.swift */; };
		6F98A0C129B6DF7A00163FE9 /* 1929.swift in Sources */ = {isa = PBXBuildFile; fileRef = 6F98A0C029B6DF7A00163FE9 /* 1929.swift */; };
		6FA8741329C15D180038056A /* 1182.swift in Sources */ = {isa = PBXBuildFile; fileRef = 6FA8741229C15D180038056A /* 1182.swift */; };
		6FA8741529C167C30038056A /* 1874.swift in Sources */ = {isa = PBXBuildFile; fileRef = 6FA8741429C167C30038056A /* 1874.swift */; };
		6FB0724B29EA79C700F9B568 /* 2164.swift in Sources */ = {isa = PBXBuildFile; fileRef = 6FB0724A29EA79C700F9B568 /* 2164.swift */; };
		6FB172892B32C83700C14C49 /* 1991.swift in Sources */ = {isa = PBXBuildFile; fileRef = 6FB172882B32C83700C14C49 /* 1991.swift */; };
		6FB757AE29F80D1C00693D46 /* 17298.swift in Sources */ = {isa = PBXBuildFile; fileRef = 6FB757AD29F80D1C00693D46 /* 17298.swift */; };
		6FC192C62A4C60B80057BB68 /* 1260.swift in Sources */ = {isa = PBXBuildFile; fileRef = 6FC192C52A4C60B80057BB68 /* 1260.swift */; };
		6FC192C82A4D3F690057BB68 /* 2606.swift in Sources */ = {isa = PBXBuildFile; fileRef = 6FC192C72A4D3F690057BB68 /* 2606.swift */; };
		6FC192CA2A4E79C70057BB68 /* 1325.swift in Sources */ = {isa = PBXBuildFile; fileRef = 6FC192C92A4E79C70057BB68 /* 1325.swift */; };
		6FC2697F2B72639E00E1FE69 /* N으로표현.swift in Sources */ = {isa = PBXBuildFile; fileRef = 6FC2697E2B72639E00E1FE69 /* N으로표현.swift */; };
		6FC9594B2A091ADB0096231E /* 14467.swift in Sources */ = {isa = PBXBuildFile; fileRef = 6FC9594A2A091ADB0096231E /* 14467.swift */; };
		6FC983AF2A1BA003006BB62D /* 11726.swift in Sources */ = {isa = PBXBuildFile; fileRef = 6FC983AE2A1BA003006BB62D /* 11726.swift */; };
		6FC983B12A1BA420006BB62D /* 16173.swift in Sources */ = {isa = PBXBuildFile; fileRef = 6FC983B02A1BA420006BB62D /* 16173.swift */; };
		6FCE0A2729FBDB14006830A6 /* 2812.swift in Sources */ = {isa = PBXBuildFile; fileRef = 6FCE0A2629FBDB14006830A6 /* 2812.swift */; };
		6FDE11DC2A57B95500A11301 /* 1541.swift in Sources */ = {isa = PBXBuildFile; fileRef = 6FDE11DB2A57B95500A11301 /* 1541.swift */; };
		6FDE11E02A598F8800A11301 /* 10026.swift in Sources */ = {isa = PBXBuildFile; fileRef = 6FDE11DF2A598F8800A11301 /* 10026.swift */; };
		6FE149872B31E3F100B6C753 /* 10844.swift in Sources */ = {isa = PBXBuildFile; fileRef = 6FE149862B31E3F100B6C753 /* 10844.swift */; };
		6FE407E12B3462B300B93797 /* 11724.swift in Sources */ = {isa = PBXBuildFile; fileRef = 6FE407E02B3462B300B93797 /* 11724.swift */; };
		6FE6DD0629C00BF400731621 /* 6588.swift in Sources */ = {isa = PBXBuildFile; fileRef = 6FE6DD0529C00BF400731621 /* 6588.swift */; };
		6FEBB7E22B2C514700C60DB7 /* 15486.swift in Sources */ = {isa = PBXBuildFile; fileRef = 6FEBB7E12B2C514700C60DB7 /* 15486.swift */; };
		6FEEFC1D2B303B880091B1A8 /* 11058.swift in Sources */ = {isa = PBXBuildFile; fileRef = 6FEEFC1C2B303B880091B1A8 /* 11058.swift */; };
		6FF853DD2A44AFE500BDED99 /* 2805.swift in Sources */ = {isa = PBXBuildFile; fileRef = 6FF853DC2A44AFE500BDED99 /* 2805.swift */; };
		6FF8A3BA2B11B5B600F62D7B /* solution1.swift in Sources */ = {isa = PBXBuildFile; fileRef = 6FF8A3B92B11B5B600F62D7B /* solution1.swift */; };
		6FF8A3BC2B11C89C00F62D7B /* solution4.swift in Sources */ = {isa = PBXBuildFile; fileRef = 6FF8A3BB2B11C89C00F62D7B /* solution4.swift */; };
		6FF8A3BE2B11CA5A00F62D7B /* solution2.swift in Sources */ = {isa = PBXBuildFile; fileRef = 6FF8A3BD2B11CA5A00F62D7B /* solution2.swift */; };
		6FF8A3C02B11F16100F62D7B /* solution5.swift in Sources */ = {isa = PBXBuildFile; fileRef = 6FF8A3BF2B11F16100F62D7B /* solution5.swift */; };
		6FFD05242A09ED8F00B428F9 /* 5597.swift in Sources */ = {isa = PBXBuildFile; fileRef = 6FFD05232A09ED8F00B428F9 /* 5597.swift */; };
		6FFD05262A09F21500B428F9 /* 1244.swift in Sources */ = {isa = PBXBuildFile; fileRef = 6FFD05252A09F21500B428F9 /* 1244.swift */; };
/* End PBXBuildFile section */

/* Begin PBXCopyFilesBuildPhase section */
		6F98A0B129B6DBE700163FE9 /* CopyFiles */ = {
			isa = PBXCopyFilesBuildPhase;
			buildActionMask = 2147483647;
			dstPath = /usr/share/man/man1/;
			dstSubfolderSpec = 0;
			files = (
			);
			runOnlyForDeploymentPostprocessing = 1;
		};
/* End PBXCopyFilesBuildPhase section */

/* Begin PBXFileReference section */
		6F0DB5232A20A2D0007F3AE0 /* 9095.swift */ = {isa = PBXFileReference; lastKnownFileType = sourcecode.swift; path = 9095.swift; sourceTree = "<group>"; };
		6F1450932A132D9C0081772A /* 1475.swift */ = {isa = PBXFileReference; lastKnownFileType = sourcecode.swift; path = 1475.swift; sourceTree = "<group>"; };
		6F15109829C7FDD8000323FF /* README.md */ = {isa = PBXFileReference; lastKnownFileType = net.daringfireball.markdown; path = README.md; sourceTree = "<group>"; };
		6F17E3C02BC0C75700DD7C03 /* e1.swift */ = {isa = PBXFileReference; lastKnownFileType = sourcecode.swift; path = e1.swift; sourceTree = "<group>"; };
		6F17E3C22BC0D28B00DD7C03 /* e2.swift */ = {isa = PBXFileReference; lastKnownFileType = sourcecode.swift; path = e2.swift; sourceTree = "<group>"; };
		6F1A4F8329BB1AB000705EFD /* 10845.swift */ = {isa = PBXFileReference; lastKnownFileType = sourcecode.swift; path = 10845.swift; sourceTree = "<group>"; };
		6F1A62D22A1A39D00088C749 /* 1913.swift */ = {isa = PBXFileReference; lastKnownFileType = sourcecode.swift; path = 1913.swift; sourceTree = "<group>"; };
		6F1A62D42A1A47130088C749 /* 9461.swift */ = {isa = PBXFileReference; lastKnownFileType = sourcecode.swift; path = 9461.swift; sourceTree = "<group>"; };
		6F1B21E72A275DFB007A268D /* Sorting.md */ = {isa = PBXFileReference; lastKnownFileType = net.daringfireball.markdown; path = Sorting.md; sourceTree = "<group>"; };
		6F2099FD2B8DBB3C00E269BE /* 단어변환.swift */ = {isa = PBXFileReference; lastKnownFileType = sourcecode.swift; path = "단어변환.swift"; sourceTree = "<group>"; };
		6F24030D29B8ACC200CC236B /* 15649.swift */ = {isa = PBXFileReference; lastKnownFileType = sourcecode.swift; path = 15649.swift; sourceTree = "<group>"; };
		6F24030F29B8B2FF00CC236B /* 2609.swift */ = {isa = PBXFileReference; lastKnownFileType = sourcecode.swift; path = 2609.swift; sourceTree = "<group>"; };
		6F2B660229BEB7B600D89CE2 /* 11653.swift */ = {isa = PBXFileReference; lastKnownFileType = sourcecode.swift; path = 11653.swift; sourceTree = "<group>"; };
		6F2B660429BEBC4D00D89CE2 /* 9020.swift */ = {isa = PBXFileReference; lastKnownFileType = sourcecode.swift; path = 9020.swift; sourceTree = "<group>"; };
		6F2F7E1F29FE31F0007FF00B /* 2947.swift */ = {isa = PBXFileReference; lastKnownFileType = sourcecode.swift; path = 2947.swift; sourceTree = "<group>"; };
		6F369C2C29B81E3F00E2A3FE /* 1978.swift */ = {isa = PBXFileReference; lastKnownFileType = sourcecode.swift; path = 1978.swift; sourceTree = "<group>"; };
		6F369C2E29B8274100E2A3FE /* 4948.swift */ = {isa = PBXFileReference; lastKnownFileType = sourcecode.swift; path = 4948.swift; sourceTree = "<group>"; };
		6F37D7582A233CFE007A38A0 /* 1463.swift */ = {isa = PBXFileReference; lastKnownFileType = sourcecode.swift; path = 1463.swift; sourceTree = "<group>"; };
		6F38B1B829BA05DA0092B94A /* 10828.swift */ = {isa = PBXFileReference; lastKnownFileType = sourcecode.swift; path = 10828.swift; sourceTree = "<group>"; };
		6F38B1BA29BA0C5A0092B94A /* 9012.swift */ = {isa = PBXFileReference; lastKnownFileType = sourcecode.swift; path = 9012.swift; sourceTree = "<group>"; };
		6F38B1BC29BA15400092B94A /* 10773.swift */ = {isa = PBXFileReference; lastKnownFileType = sourcecode.swift; path = 10773.swift; sourceTree = "<group>"; };
		6F38B1BE29BA1EDC0092B94A /* 1935.swift */ = {isa = PBXFileReference; lastKnownFileType = sourcecode.swift; path = 1935.swift; sourceTree = "<group>"; };
		6F39349F2BD7B22D00ADF6EE /* 1.1.swift */ = {isa = PBXFileReference; lastKnownFileType = sourcecode.swift; path = 1.1.swift; sourceTree = "<group>"; };
		6F3934A12BD7B59800ADF6EE /* 1.2.swift */ = {isa = PBXFileReference; lastKnownFileType = sourcecode.swift; path = 1.2.swift; sourceTree = "<group>"; };
		6F3934A42BD8E13B00ADF6EE /* 2.1.swift */ = {isa = PBXFileReference; lastKnownFileType = sourcecode.swift; path = 2.1.swift; sourceTree = "<group>"; };
		6F3934A62BD8E60000ADF6EE /* 2.2.swift */ = {isa = PBXFileReference; lastKnownFileType = sourcecode.swift; path = 2.2.swift; sourceTree = "<group>"; };
		6F3AD26629FE5B7100EF70D5 /* 1431.swift */ = {isa = PBXFileReference; lastKnownFileType = sourcecode.swift; path = 1431.swift; sourceTree = "<group>"; };
		6F3CCC662BDA3238004CE236 /* 소수 찾기.swift */ = {isa = PBXFileReference; lastKnownFileType = sourcecode.swift; path = "소수 찾기.swift"; sourceTree = "<group>"; };
		6F3CCC682BDF9139004CE236 /* 피로도.swift */ = {isa = PBXFileReference; lastKnownFileType = sourcecode.swift; path = "피로도.swift"; sourceTree = "<group>"; };
		6F3CCC6A2BDF993C004CE236 /* 최소직사각형.swift */ = {isa = PBXFileReference; lastKnownFileType = sourcecode.swift; path = "최소직사각형.swift"; sourceTree = "<group>"; };
		6F3CCC6C2BDFA03F004CE236 /* 모의고사.swift */ = {isa = PBXFileReference; lastKnownFileType = sourcecode.swift; path = "모의고사.swift"; sourceTree = "<group>"; };
		6F3CCC6E2BE0D16A004CE236 /* 전력망을 둘로 나누기.swift */ = {isa = PBXFileReference; lastKnownFileType = sourcecode.swift; path = "전력망을 둘로 나누기.swift"; sourceTree = "<group>"; };
		6F3CCC702BE0DD70004CE236 /* 모음 사전.swift */ = {isa = PBXFileReference; lastKnownFileType = sourcecode.swift; path = "모음 사전.swift"; sourceTree = "<group>"; };
		6F3CCC722BE21DA5004CE236 /* 네트워크.swift */ = {isa = PBXFileReference; lastKnownFileType = sourcecode.swift; path = "네트워크.swift"; sourceTree = "<group>"; };
		6F3CCC742BE22519004CE236 /* 여행경로.swift */ = {isa = PBXFileReference; lastKnownFileType = sourcecode.swift; path = "여행경로.swift"; sourceTree = "<group>"; };
		6F3D929829EEAEC10070CEDF /* 10870.swift */ = {isa = PBXFileReference; lastKnownFileType = sourcecode.swift; path = 10870.swift; sourceTree = "<group>"; };
		6F3D929B29EEB16A0070CEDF /* 17478.swift */ = {isa = PBXFileReference; lastKnownFileType = sourcecode.swift; path = 17478.swift; sourceTree = "<group>"; };
		6F3D929D29EEC16B0070CEDF /* 1914.swift */ = {isa = PBXFileReference; lastKnownFileType = sourcecode.swift; path = 1914.swift; sourceTree = "<group>"; };
		6F4349FC29F545FF00C29485 /* 10799.swift */ = {isa = PBXFileReference; lastKnownFileType = sourcecode.swift; path = 10799.swift; sourceTree = "<group>"; };
		6F4349FE29F5523100C29485 /* 2493.swift */ = {isa = PBXFileReference; lastKnownFileType = sourcecode.swift; path = 2493.swift; sourceTree = "<group>"; };
		6F434A0029F5691300C29485 /* 10814.swift */ = {isa = PBXFileReference; lastKnownFileType = sourcecode.swift; path = 10814.swift; sourceTree = "<group>"; };
		6F434A0229F570E300C29485 /* 1427.swift */ = {isa = PBXFileReference; lastKnownFileType = sourcecode.swift; path = 1427.swift; sourceTree = "<group>"; };
		6F434A0429F5759600C29485 /* cyndi.swift */ = {isa = PBXFileReference; lastKnownFileType = sourcecode.swift; path = cyndi.swift; sourceTree = "<group>"; };
		6F4355C429F4E11C00F66672 /* 올바른괄호.swift */ = {isa = PBXFileReference; lastKnownFileType = sourcecode.swift; path = "올바른괄호.swift"; sourceTree = "<group>"; };
		6F5032292A263CBB009E6ABB /* 2193.swift */ = {isa = PBXFileReference; lastKnownFileType = sourcecode.swift; path = 2193.swift; sourceTree = "<group>"; };
		6F54DF3029EC1760002EC070 /* 10866.swift */ = {isa = PBXFileReference; lastKnownFileType = sourcecode.swift; path = 10866.swift; sourceTree = "<group>"; };
		6F6170102A543FB0000A4596 /* 2872.swift */ = {isa = PBXFileReference; lastKnownFileType = sourcecode.swift; path = 2872.swift; sourceTree = "<group>"; };
		6F62685D29C0982E00595458 /* 1406.swift */ = {isa = PBXFileReference; lastKnownFileType = sourcecode.swift; path = 1406.swift; sourceTree = "<group>"; };
		6F7381772B5BE98D0004BD46 /* targetNumber.swift */ = {isa = PBXFileReference; lastKnownFileType = sourcecode.swift; path = targetNumber.swift; sourceTree = "<group>"; };
		6F78A0DD2B35636200C6B8D9 /* 10451.swift */ = {isa = PBXFileReference; lastKnownFileType = sourcecode.swift; path = 10451.swift; sourceTree = "<group>"; };
		6F78E2DB2A52797B00A2CFD3 /* Greedy.md */ = {isa = PBXFileReference; lastKnownFileType = net.daringfireball.markdown; path = Greedy.md; sourceTree = "<group>"; };
		6F78E2DD2A52E0BA00A2CFD3 /* 1092.swift */ = {isa = PBXFileReference; lastKnownFileType = sourcecode.swift; path = 1092.swift; sourceTree = "<group>"; };
		6F78E2DF2A52EE2200A2CFD3 /* 11501.swift */ = {isa = PBXFileReference; lastKnownFileType = sourcecode.swift; path = 11501.swift; sourceTree = "<group>"; };
		6F7E33502A41B6D300A6AB59 /* Binary Search.md */ = {isa = PBXFileReference; lastKnownFileType = net.daringfireball.markdown; path = "Binary Search.md"; sourceTree = "<group>"; };
		6F7E33512A41BCC300A6AB59 /* binary search.swift */ = {isa = PBXFileReference; lastKnownFileType = sourcecode.swift; path = "binary search.swift"; sourceTree = "<group>"; };
		6F7E33532A41D31B00A6AB59 /* 10815.swift */ = {isa = PBXFileReference; lastKnownFileType = sourcecode.swift; path = 10815.swift; sourceTree = "<group>"; };
		6F7EDB152B09024200EB2790 /* number2.swift */ = {isa = PBXFileReference; lastKnownFileType = sourcecode.swift; path = number2.swift; sourceTree = "<group>"; };
		6F8565BD2A12592500FD0A58 /* 1966.swift */ = {isa = PBXFileReference; lastKnownFileType = sourcecode.swift; path = 1966.swift; sourceTree = "<group>"; };
		6F8565BF2A125F9D00FD0A58 /* 11866.swift */ = {isa = PBXFileReference; lastKnownFileType = sourcecode.swift; path = 11866.swift; sourceTree = "<group>"; };
		6F8749802A18905B00F9E745 /* Dynamic Programming.md */ = {isa = PBXFileReference; lastKnownFileType = net.daringfireball.markdown; path = "Dynamic Programming.md"; sourceTree = "<group>"; };
		6F8749812A189D4700F9E745 /* 1003.swift */ = {isa = PBXFileReference; lastKnownFileType = sourcecode.swift; path = 1003.swift; sourceTree = "<group>"; };
		6F8B302F2A0694DA0086B4D6 /* 2750.swift */ = {isa = PBXFileReference; lastKnownFileType = sourcecode.swift; path = 2750.swift; sourceTree = "<group>"; };
		6F8B30312A0696500086B4D6 /* 10989.swift */ = {isa = PBXFileReference; lastKnownFileType = sourcecode.swift; path = 10989.swift; sourceTree = "<group>"; };
		6F8C37CD29C2B1110041BD40 /* 17103.swift */ = {isa = PBXFileReference; lastKnownFileType = sourcecode.swift; path = 17103.swift; sourceTree = "<group>"; };
		6F8C37CF29C2B6570041BD40 /* 18258.swift */ = {isa = PBXFileReference; lastKnownFileType = sourcecode.swift; path = 18258.swift; sourceTree = "<group>"; };
		6F98A0B329B6DBE700163FE9 /* AlgorithmStudy */ = {isa = PBXFileReference; explicitFileType = "compiled.mach-o.executable"; includeInIndex = 0; path = AlgorithmStudy; sourceTree = BUILT_PRODUCTS_DIR; };
		6F98A0B629B6DBE700163FE9 /* 8393.swift */ = {isa = PBXFileReference; lastKnownFileType = sourcecode.swift; path = 8393.swift; sourceTree = "<group>"; };
		6F98A0BE29B6DD1E00163FE9 /* main.swift */ = {isa = PBXFileReference; lastKnownFileType = sourcecode.swift; path = main.swift; sourceTree = "<group>"; };
		6F98A0C029B6DF7A00163FE9 /* 1929.swift */ = {isa = PBXFileReference; lastKnownFileType = sourcecode.swift; path = 1929.swift; sourceTree = "<group>"; };
		6FA8741229C15D180038056A /* 1182.swift */ = {isa = PBXFileReference; lastKnownFileType = sourcecode.swift; path = 1182.swift; sourceTree = "<group>"; };
		6FA8741429C167C30038056A /* 1874.swift */ = {isa = PBXFileReference; lastKnownFileType = sourcecode.swift; path = 1874.swift; sourceTree = "<group>"; };
		6FB0724A29EA79C700F9B568 /* 2164.swift */ = {isa = PBXFileReference; lastKnownFileType = sourcecode.swift; path = 2164.swift; sourceTree = "<group>"; };
		6FB172882B32C83700C14C49 /* 1991.swift */ = {isa = PBXFileReference; lastKnownFileType = sourcecode.swift; path = 1991.swift; sourceTree = "<group>"; };
		6FB757AD29F80D1C00693D46 /* 17298.swift */ = {isa = PBXFileReference; lastKnownFileType = sourcecode.swift; path = 17298.swift; sourceTree = "<group>"; };
		6FC192C42A4AFA410057BB68 /* DFS:BFS.md */ = {isa = PBXFileReference; lastKnownFileType = net.daringfireball.markdown; path = "DFS:BFS.md"; sourceTree = "<group>"; };
		6FC192C52A4C60B80057BB68 /* 1260.swift */ = {isa = PBXFileReference; lastKnownFileType = sourcecode.swift; path = 1260.swift; sourceTree = "<group>"; };
		6FC192C72A4D3F690057BB68 /* 2606.swift */ = {isa = PBXFileReference; lastKnownFileType = sourcecode.swift; path = 2606.swift; sourceTree = "<group>"; };
		6FC192C92A4E79C70057BB68 /* 1325.swift */ = {isa = PBXFileReference; lastKnownFileType = sourcecode.swift; path = 1325.swift; sourceTree = "<group>"; };
		6FC2697E2B72639E00E1FE69 /* N으로표현.swift */ = {isa = PBXFileReference; lastKnownFileType = sourcecode.swift; path = "N으로표현.swift"; sourceTree = "<group>"; };
		6FC9594A2A091ADB0096231E /* 14467.swift */ = {isa = PBXFileReference; lastKnownFileType = sourcecode.swift; path = 14467.swift; sourceTree = "<group>"; };
		6FC983AE2A1BA003006BB62D /* 11726.swift */ = {isa = PBXFileReference; lastKnownFileType = sourcecode.swift; path = 11726.swift; sourceTree = "<group>"; };
		6FC983B02A1BA420006BB62D /* 16173.swift */ = {isa = PBXFileReference; lastKnownFileType = sourcecode.swift; path = 16173.swift; sourceTree = "<group>"; };
		6FCE0A2629FBDB14006830A6 /* 2812.swift */ = {isa = PBXFileReference; lastKnownFileType = sourcecode.swift; path = 2812.swift; sourceTree = "<group>"; };
		6FDE11DB2A57B95500A11301 /* 1541.swift */ = {isa = PBXFileReference; lastKnownFileType = sourcecode.swift; path = 1541.swift; sourceTree = "<group>"; };
		6FDE11DF2A598F8800A11301 /* 10026.swift */ = {isa = PBXFileReference; lastKnownFileType = sourcecode.swift; path = 10026.swift; sourceTree = "<group>"; };
		6FE149862B31E3F100B6C753 /* 10844.swift */ = {isa = PBXFileReference; lastKnownFileType = sourcecode.swift; path = 10844.swift; sourceTree = "<group>"; };
		6FE407E02B3462B300B93797 /* 11724.swift */ = {isa = PBXFileReference; lastKnownFileType = sourcecode.swift; path = 11724.swift; sourceTree = "<group>"; };
		6FE6DD0529C00BF400731621 /* 6588.swift */ = {isa = PBXFileReference; lastKnownFileType = sourcecode.swift; path = 6588.swift; sourceTree = "<group>"; };
		6FEBB7E12B2C514700C60DB7 /* 15486.swift */ = {isa = PBXFileReference; lastKnownFileType = sourcecode.swift; path = 15486.swift; sourceTree = "<group>"; };
		6FEEFC1C2B303B880091B1A8 /* 11058.swift */ = {isa = PBXFileReference; lastKnownFileType = sourcecode.swift; path = 11058.swift; sourceTree = "<group>"; };
		6FF853DC2A44AFE500BDED99 /* 2805.swift */ = {isa = PBXFileReference; lastKnownFileType = sourcecode.swift; path = 2805.swift; sourceTree = "<group>"; };
		6FF8A3B92B11B5B600F62D7B /* solution1.swift */ = {isa = PBXFileReference; lastKnownFileType = sourcecode.swift; path = solution1.swift; sourceTree = "<group>"; };
		6FF8A3BB2B11C89C00F62D7B /* solution4.swift */ = {isa = PBXFileReference; lastKnownFileType = sourcecode.swift; path = solution4.swift; sourceTree = "<group>"; };
		6FF8A3BD2B11CA5A00F62D7B /* solution2.swift */ = {isa = PBXFileReference; lastKnownFileType = sourcecode.swift; path = solution2.swift; sourceTree = "<group>"; };
		6FF8A3BF2B11F16100F62D7B /* solution5.swift */ = {isa = PBXFileReference; lastKnownFileType = sourcecode.swift; path = solution5.swift; sourceTree = "<group>"; };
		6FFD05232A09ED8F00B428F9 /* 5597.swift */ = {isa = PBXFileReference; lastKnownFileType = sourcecode.swift; path = 5597.swift; sourceTree = "<group>"; };
		6FFD05252A09F21500B428F9 /* 1244.swift */ = {isa = PBXFileReference; lastKnownFileType = sourcecode.swift; path = 1244.swift; sourceTree = "<group>"; };
/* End PBXFileReference section */

/* Begin PBXFrameworksBuildPhase section */
		6F98A0B029B6DBE700163FE9 /* Frameworks */ = {
			isa = PBXFrameworksBuildPhase;
			buildActionMask = 2147483647;
			files = (
			);
			runOnlyForDeploymentPostprocessing = 0;
		};
/* End PBXFrameworksBuildPhase section */

/* Begin PBXGroup section */
		6F17E3BF2BC0C73500DD7C03 /* ebjapan */ = {
			isa = PBXGroup;
			children = (
				6F17E3C02BC0C75700DD7C03 /* e1.swift */,
				6F17E3C22BC0D28B00DD7C03 /* e2.swift */,
			);
			path = ebjapan;
			sourceTree = "<group>";
		};
		6F2B65FF29BEB64100D89CE2 /* math */ = {
			isa = PBXGroup;
			children = (
				6F2B660429BEBC4D00D89CE2 /* 9020.swift */,
				6F2B660229BEB7B600D89CE2 /* 11653.swift */,
				6F98A0B629B6DBE700163FE9 /* 8393.swift */,
				6F98A0C029B6DF7A00163FE9 /* 1929.swift */,
				6F369C2C29B81E3F00E2A3FE /* 1978.swift */,
				6F369C2E29B8274100E2A3FE /* 4948.swift */,
				6F24030F29B8B2FF00CC236B /* 2609.swift */,
				6FE6DD0529C00BF400731621 /* 6588.swift */,
				6F8C37CD29C2B1110041BD40 /* 17103.swift */,
			);
			path = math;
			sourceTree = "<group>";
		};
		6F2B660029BEB68C00D89CE2 /* dataStructure */ = {
			isa = PBXGroup;
			children = (
				6F4349FC29F545FF00C29485 /* 10799.swift */,
				6F54DF3029EC1760002EC070 /* 10866.swift */,
				6FB0724A29EA79C700F9B568 /* 2164.swift */,
				6F4349FE29F5523100C29485 /* 2493.swift */,
				6F38B1B829BA05DA0092B94A /* 10828.swift */,
				6F38B1BA29BA0C5A0092B94A /* 9012.swift */,
				6F38B1BC29BA15400092B94A /* 10773.swift */,
				6F38B1BE29BA1EDC0092B94A /* 1935.swift */,
				6F1A4F8329BB1AB000705EFD /* 10845.swift */,
				6FA8741429C167C30038056A /* 1874.swift */,
				6FB757AD29F80D1C00693D46 /* 17298.swift */,
				6F8565BD2A12592500FD0A58 /* 1966.swift */,
				6F8565BF2A125F9D00FD0A58 /* 11866.swift */,
			);
			path = dataStructure;
			sourceTree = "<group>";
		};
		6F2B660129BEB71300D89CE2 /* try */ = {
			isa = PBXGroup;
			children = (
				6F3AD26629FE5B7100EF70D5 /* 1431.swift */,
				6F3D929D29EEC16B0070CEDF /* 1914.swift */,
				6F24030D29B8ACC200CC236B /* 15649.swift */,
				6F62685D29C0982E00595458 /* 1406.swift */,
				6FA8741229C15D180038056A /* 1182.swift */,
				6F8C37CF29C2B6570041BD40 /* 18258.swift */,
				6FCE0A2629FBDB14006830A6 /* 2812.swift */,
			);
			path = try;
			sourceTree = "<group>";
		};
		6F39349D2BD7B20400ADF6EE /* 스킬체크 */ = {
			isa = PBXGroup;
			children = (
				6F3934A32BD8E12F00ADF6EE /* Level2 */,
				6F39349E2BD7B21400ADF6EE /* Level1 */,
			);
			name = "스킬체크";
			path = "스킬체크";
			sourceTree = "<group>";
		};
		6F39349E2BD7B21400ADF6EE /* Level1 */ = {
			isa = PBXGroup;
			children = (
				6F39349F2BD7B22D00ADF6EE /* 1.1.swift */,
				6F3934A12BD7B59800ADF6EE /* 1.2.swift */,
			);
			path = Level1;
			sourceTree = "<group>";
		};
		6F3934A32BD8E12F00ADF6EE /* Level2 */ = {
			isa = PBXGroup;
			children = (
				6F3934A42BD8E13B00ADF6EE /* 2.1.swift */,
				6F3934A62BD8E60000ADF6EE /* 2.2.swift */,
			);
			path = Level2;
			sourceTree = "<group>";
		};
		6F3934A82BDA2EFC00ADF6EE /* 완탐 */ = {
			isa = PBXGroup;
			children = (
				6F3CCC662BDA3238004CE236 /* 소수 찾기.swift */,
				6F3CCC682BDF9139004CE236 /* 피로도.swift */,
				6F3CCC6A2BDF993C004CE236 /* 최소직사각형.swift */,
				6F3CCC6C2BDFA03F004CE236 /* 모의고사.swift */,
				6F3CCC6E2BE0D16A004CE236 /* 전력망을 둘로 나누기.swift */,
				6F3CCC702BE0DD70004CE236 /* 모음 사전.swift */,
			);
			name = "완탐";
			path = "완탐";
			sourceTree = "<group>";
		};
		6F3D929A29EEB1320070CEDF /* recursive_sorting */ = {
			isa = PBXGroup;
			children = (
				6F3D929B29EEB16A0070CEDF /* 17478.swift */,
				6F3D929829EEAEC10070CEDF /* 10870.swift */,
				6F434A0029F5691300C29485 /* 10814.swift */,
				6F434A0229F570E300C29485 /* 1427.swift */,
				6F2F7E1F29FE31F0007FF00B /* 2947.swift */,
				6F8B302F2A0694DA0086B4D6 /* 2750.swift */,
				6F8B30312A0696500086B4D6 /* 10989.swift */,
				6F1B21E72A275DFB007A268D /* Sorting.md */,
			);
			path = recursive_sorting;
			sourceTree = "<group>";
		};
		6F4355C229F4E0E500F66672 /* programmers */ = {
			isa = PBXGroup;
			children = (
				6F3934A82BDA2EFC00ADF6EE /* 완탐 */,
				6F39349D2BD7B20400ADF6EE /* 스킬체크 */,
				6F17E3BF2BC0C73500DD7C03 /* ebjapan */,
				6FC2697D2B72634F00E1FE69 /* DP */,
				6F7381762B5BE95C0004BD46 /* DFS,BFS */,
				6FF8A3B82B11B57400F62D7B /* kko */,
				6F4355C329F4E0F500F66672 /* stack_queue */,
			);
			path = programmers;
			sourceTree = "<group>";
		};
		6F4355C329F4E0F500F66672 /* stack_queue */ = {
			isa = PBXGroup;
			children = (
				6F4355C429F4E11C00F66672 /* 올바른괄호.swift */,
			);
			path = stack_queue;
			sourceTree = "<group>";
		};
		6F7381762B5BE95C0004BD46 /* DFS,BFS */ = {
			isa = PBXGroup;
			children = (
				6F7381772B5BE98D0004BD46 /* targetNumber.swift */,
				6F2099FD2B8DBB3C00E269BE /* 단어변환.swift */,
				6F3CCC722BE21DA5004CE236 /* 네트워크.swift */,
				6F3CCC742BE22519004CE236 /* 여행경로.swift */,
			);
			path = "DFS,BFS";
			sourceTree = "<group>";
		};
		6F78E2DC2A52798100A2CFD3 /* Greedy */ = {
			isa = PBXGroup;
			children = (
				6F78E2DB2A52797B00A2CFD3 /* Greedy.md */,
				6F78E2DD2A52E0BA00A2CFD3 /* 1092.swift */,
				6F78E2DF2A52EE2200A2CFD3 /* 11501.swift */,
				6F6170102A543FB0000A4596 /* 2872.swift */,
				6FDE11DB2A57B95500A11301 /* 1541.swift */,
			);
			path = Greedy;
			sourceTree = "<group>";
		};
		6F7E334F2A41B6B500A6AB59 /* Binary Search */ = {
			isa = PBXGroup;
			children = (
				6F7E33502A41B6D300A6AB59 /* Binary Search.md */,
				6F7E33512A41BCC300A6AB59 /* binary search.swift */,
				6F7E33532A41D31B00A6AB59 /* 10815.swift */,
				6FF853DC2A44AFE500BDED99 /* 2805.swift */,
			);
			path = "Binary Search";
			sourceTree = "<group>";
		};
		6F87497F2A18903400F9E745 /* Dynamic Programming */ = {
			isa = PBXGroup;
			children = (
				6F8749802A18905B00F9E745 /* Dynamic Programming.md */,
				6F8749812A189D4700F9E745 /* 1003.swift */,
				6F1A62D42A1A47130088C749 /* 9461.swift */,
				6FC983AE2A1BA003006BB62D /* 11726.swift */,
				6F0DB5232A20A2D0007F3AE0 /* 9095.swift */,
				6F37D7582A233CFE007A38A0 /* 1463.swift */,
				6F5032292A263CBB009E6ABB /* 2193.swift */,
				6FEBB7E12B2C514700C60DB7 /* 15486.swift */,
				6FEEFC1C2B303B880091B1A8 /* 11058.swift */,
				6FE149862B31E3F100B6C753 /* 10844.swift */,
			);
			path = "Dynamic Programming";
			sourceTree = "<group>";
		};
		6F98A0AA29B6DBE700163FE9 = {
			isa = PBXGroup;
			children = (
				6F98A0B529B6DBE700163FE9 /* AlgorithmStudy */,
				6F98A0B429B6DBE700163FE9 /* Products */,
			);
			sourceTree = "<group>";
		};
		6F98A0B429B6DBE700163FE9 /* Products */ = {
			isa = PBXGroup;
			children = (
				6F98A0B329B6DBE700163FE9 /* AlgorithmStudy */,
			);
			name = Products;
			sourceTree = "<group>";
		};
		6F98A0B529B6DBE700163FE9 /* AlgorithmStudy */ = {
			isa = PBXGroup;
			children = (
				6F15109829C7FDD8000323FF /* README.md */,
				6F98A0BE29B6DD1E00163FE9 /* main.swift */,
				6F4355C229F4E0E500F66672 /* programmers */,
				6F98A0BD29B6DC4A00163FE9 /* baekjoon */,
				6F434A0429F5759600C29485 /* cyndi.swift */,
			);
			path = AlgorithmStudy;
			sourceTree = "<group>";
		};
		6F98A0BD29B6DC4A00163FE9 /* baekjoon */ = {
			isa = PBXGroup;
			children = (
				6F78E2DC2A52798100A2CFD3 /* Greedy */,
				6F7E334F2A41B6B500A6AB59 /* Binary Search */,
				6FC983B42A1BAE91006BB62D /* graph */,
				6F87497F2A18903400F9E745 /* Dynamic Programming */,
				6FC959492A091A980096231E /* implement */,
				6F3D929A29EEB1320070CEDF /* recursive_sorting */,
				6F2B660129BEB71300D89CE2 /* try */,
				6F2B660029BEB68C00D89CE2 /* dataStructure */,
				6F2B65FF29BEB64100D89CE2 /* math */,
			);
			path = baekjoon;
			sourceTree = "<group>";
		};
		6FC2697D2B72634F00E1FE69 /* DP */ = {
			isa = PBXGroup;
			children = (
				6FC2697E2B72639E00E1FE69 /* N으로표현.swift */,
			);
			path = DP;
			sourceTree = "<group>";
		};
		6FC959492A091A980096231E /* implement */ = {
			isa = PBXGroup;
			children = (
				6FC9594A2A091ADB0096231E /* 14467.swift */,
				6FFD05232A09ED8F00B428F9 /* 5597.swift */,
				6FFD05252A09F21500B428F9 /* 1244.swift */,
				6F1450932A132D9C0081772A /* 1475.swift */,
				6F1A62D22A1A39D00088C749 /* 1913.swift */,
			);
			path = implement;
			sourceTree = "<group>";
		};
		6FC983B42A1BAE91006BB62D /* graph */ = {
			isa = PBXGroup;
			children = (
				6FC983B52A1BAE9C006BB62D /* DFS,BFS */,
			);
			path = graph;
			sourceTree = "<group>";
		};
		6FC983B52A1BAE9C006BB62D /* DFS,BFS */ = {
			isa = PBXGroup;
			children = (
				6FC983B02A1BA420006BB62D /* 16173.swift */,
				6FC192C42A4AFA410057BB68 /* DFS:BFS.md */,
				6FC192C52A4C60B80057BB68 /* 1260.swift */,
				6FC192C72A4D3F690057BB68 /* 2606.swift */,
				6FC192C92A4E79C70057BB68 /* 1325.swift */,
				6FDE11DF2A598F8800A11301 /* 10026.swift */,
				6F7EDB152B09024200EB2790 /* number2.swift */,
				6FB172882B32C83700C14C49 /* 1991.swift */,
				6FE407E02B3462B300B93797 /* 11724.swift */,
				6F78A0DD2B35636200C6B8D9 /* 10451.swift */,
			);
			path = "DFS,BFS";
			sourceTree = "<group>";
		};
		6FF8A3B82B11B57400F62D7B /* kko */ = {
			isa = PBXGroup;
			children = (
				6FF8A3B92B11B5B600F62D7B /* solution1.swift */,
				6FF8A3BB2B11C89C00F62D7B /* solution4.swift */,
				6FF8A3BD2B11CA5A00F62D7B /* solution2.swift */,
				6FF8A3BF2B11F16100F62D7B /* solution5.swift */,
			);
			path = kko;
			sourceTree = "<group>";
		};
/* End PBXGroup section */

/* Begin PBXNativeTarget section */
		6F98A0B229B6DBE700163FE9 /* AlgorithmStudy */ = {
			isa = PBXNativeTarget;
			buildConfigurationList = 6F98A0BA29B6DBE700163FE9 /* Build configuration list for PBXNativeTarget "AlgorithmStudy" */;
			buildPhases = (
				6F98A0AF29B6DBE700163FE9 /* Sources */,
				6F98A0B029B6DBE700163FE9 /* Frameworks */,
				6F98A0B129B6DBE700163FE9 /* CopyFiles */,
			);
			buildRules = (
			);
			dependencies = (
			);
			name = AlgorithmStudy;
			productName = AlgorithmStudy;
			productReference = 6F98A0B329B6DBE700163FE9 /* AlgorithmStudy */;
			productType = "com.apple.product-type.tool";
		};
/* End PBXNativeTarget section */

/* Begin PBXProject section */
		6F98A0AB29B6DBE700163FE9 /* Project object */ = {
			isa = PBXProject;
			attributes = {
				BuildIndependentTargetsInParallel = 1;
				LastSwiftUpdateCheck = 1410;
				LastUpgradeCheck = 1410;
				TargetAttributes = {
					6F98A0B229B6DBE700163FE9 = {
						CreatedOnToolsVersion = 14.1;
					};
				};
			};
			buildConfigurationList = 6F98A0AE29B6DBE700163FE9 /* Build configuration list for PBXProject "AlgorithmStudy" */;
			compatibilityVersion = "Xcode 14.0";
			developmentRegion = en;
			hasScannedForEncodings = 0;
			knownRegions = (
				en,
				Base,
			);
			mainGroup = 6F98A0AA29B6DBE700163FE9;
			productRefGroup = 6F98A0B429B6DBE700163FE9 /* Products */;
			projectDirPath = "";
			projectRoot = "";
			targets = (
				6F98A0B229B6DBE700163FE9 /* AlgorithmStudy */,
			);
		};
/* End PBXProject section */

/* Begin PBXSourcesBuildPhase section */
		6F98A0AF29B6DBE700163FE9 /* Sources */ = {
			isa = PBXSourcesBuildPhase;
			buildActionMask = 2147483647;
			files = (
				6FFD05262A09F21500B428F9 /* 1244.swift in Sources */,
				6F7E33522A41BCC300A6AB59 /* binary search.swift in Sources */,
				6F3CCC672BDA3238004CE236 /* 소수 찾기.swift in Sources */,
				6FCE0A2729FBDB14006830A6 /* 2812.swift in Sources */,
				6F7381782B5BE98D0004BD46 /* targetNumber.swift in Sources */,
				6F3D929E29EEC16B0070CEDF /* 1914.swift in Sources */,
				6F62685E29C0982E00595458 /* 1406.swift in Sources */,
				6F3934A72BD8E60000ADF6EE /* 2.2.swift in Sources */,
				6F17E3C12BC0C75700DD7C03 /* e1.swift in Sources */,
				6F3D929929EEAEC10070CEDF /* 10870.swift in Sources */,
				6F1A62D52A1A47130088C749 /* 9461.swift in Sources */,
				6F8C37CE29C2B1110041BD40 /* 17103.swift in Sources */,
				6F8B30322A0696500086B4D6 /* 10989.swift in Sources */,
				6F1A4F8429BB1AB000705EFD /* 10845.swift in Sources */,
				6F8565C02A125F9D00FD0A58 /* 11866.swift in Sources */,
				6FC192C82A4D3F690057BB68 /* 2606.swift in Sources */,
				6FC192CA2A4E79C70057BB68 /* 1325.swift in Sources */,
				6FB172892B32C83700C14C49 /* 1991.swift in Sources */,
				6F78E2DE2A52E0BA00A2CFD3 /* 1092.swift in Sources */,
				6F3CCC692BDF9139004CE236 /* 피로도.swift in Sources */,
				6FEBB7E22B2C514700C60DB7 /* 15486.swift in Sources */,
				6F98A0BF29B6DD1E00163FE9 /* main.swift in Sources */,
				6FB0724B29EA79C700F9B568 /* 2164.swift in Sources */,
				6FFD05242A09ED8F00B428F9 /* 5597.swift in Sources */,
				6F3CCC732BE21DA5004CE236 /* 네트워크.swift in Sources */,
				6F3934A22BD7B59800ADF6EE /* 1.2.swift in Sources */,
				6F78E2E02A52EE2200A2CFD3 /* 11501.swift in Sources */,
				6F17E3C32BC0D28B00DD7C03 /* e2.swift in Sources */,
				6F38B1BB29BA0C5A0092B94A /* 9012.swift in Sources */,
				6F434A0129F5691300C29485 /* 10814.swift in Sources */,
				6FC2697F2B72639E00E1FE69 /* N으로표현.swift in Sources */,
				6F78A0DE2B35636200C6B8D9 /* 10451.swift in Sources */,
				6F4355C529F4E11C00F66672 /* 올바른괄호.swift in Sources */,
				6F7EDB162B09024200EB2790 /* number2.swift in Sources */,
				6FDE11E02A598F8800A11301 /* 10026.swift in Sources */,
				6F3934A52BD8E13B00ADF6EE /* 2.1.swift in Sources */,
				6F38B1B929BA05DA0092B94A /* 10828.swift in Sources */,
				6FF8A3BA2B11B5B600F62D7B /* solution1.swift in Sources */,
				6F8C37D029C2B6570041BD40 /* 18258.swift in Sources */,
				6F7E33542A41D31B00A6AB59 /* 10815.swift in Sources */,
				6FF8A3C02B11F16100F62D7B /* solution5.swift in Sources */,
				6F434A0529F5759600C29485 /* cyndi.swift in Sources */,
				6FE6DD0629C00BF400731621 /* 6588.swift in Sources */,
				6F54DF3129EC1760002EC070 /* 10866.swift in Sources */,
				6F2B660529BEBC4D00D89CE2 /* 9020.swift in Sources */,
				6FF853DD2A44AFE500BDED99 /* 2805.swift in Sources */,
				6F4349FD29F545FF00C29485 /* 10799.swift in Sources */,
				6FB757AE29F80D1C00693D46 /* 17298.swift in Sources */,
				6F8B30302A0694DA0086B4D6 /* 2750.swift in Sources */,
				6F4349FF29F5523100C29485 /* 2493.swift in Sources */,
				6F1A62D32A1A39D00088C749 /* 1913.swift in Sources */,
				6F434A0329F570E300C29485 /* 1427.swift in Sources */,
				6F3CCC6B2BDF993C004CE236 /* 최소직사각형.swift in Sources */,
				6FC983AF2A1BA003006BB62D /* 11726.swift in Sources */,
				6F6170112A543FB0000A4596 /* 2872.swift in Sources */,
				6F3CCC6D2BDFA03F004CE236 /* 모의고사.swift in Sources */,
				6F98A0C129B6DF7A00163FE9 /* 1929.swift in Sources */,
				6F2099FE2B8DBB3C00E269BE /* 단어변환.swift in Sources */,
				6F38B1BD29BA15400092B94A /* 10773.swift in Sources */,
				6FE407E12B3462B300B93797 /* 11724.swift in Sources */,
				6F0DB5242A20A2D0007F3AE0 /* 9095.swift in Sources */,
				6F24031029B8B2FF00CC236B /* 2609.swift in Sources */,
				6F8749822A189D4700F9E745 /* 1003.swift in Sources */,
				6FA8741329C15D180038056A /* 1182.swift in Sources */,
				6F3CCC752BE22519004CE236 /* 여행경로.swift in Sources */,
				6F2F7E2029FE31F0007FF00B /* 2947.swift in Sources */,
				6F3CCC6F2BE0D16A004CE236 /* 전력망을 둘로 나누기.swift in Sources */,
				6FA8741529C167C30038056A /* 1874.swift in Sources */,
				6F37D7592A233CFE007A38A0 /* 1463.swift in Sources */,
				6FEEFC1D2B303B880091B1A8 /* 11058.swift in Sources */,
				6F3D929C29EEB16A0070CEDF /* 17478.swift in Sources */,
				6F50322A2A263CBB009E6ABB /* 2193.swift in Sources */,
				6FF8A3BC2B11C89C00F62D7B /* solution4.swift in Sources */,
				6F2B660329BEB7B600D89CE2 /* 11653.swift in Sources */,
				6FC192C62A4C60B80057BB68 /* 1260.swift in Sources */,
				6FE149872B31E3F100B6C753 /* 10844.swift in Sources */,
				6F3934A02BD7B22D00ADF6EE /* 1.1.swift in Sources */,
				6F369C2D29B81E3F00E2A3FE /* 1978.swift in Sources */,
				6F24030E29B8ACC200CC236B /* 15649.swift in Sources */,
				6FC983B12A1BA420006BB62D /* 16173.swift in Sources */,
				6F38B1BF29BA1EDC0092B94A /* 1935.swift in Sources */,
				6F3AD26729FE5B7100EF70D5 /* 1431.swift in Sources */,
				6FF8A3BE2B11CA5A00F62D7B /* solution2.swift in Sources */,
				6F98A0B729B6DBE700163FE9 /* 8393.swift in Sources */,
				6FC9594B2A091ADB0096231E /* 14467.swift in Sources */,
				6FDE11DC2A57B95500A11301 /* 1541.swift in Sources */,
				6F1450942A132D9C0081772A /* 1475.swift in Sources */,
				6F369C2F29B8274100E2A3FE /* 4948.swift in Sources */,
				6F3CCC712BE0DD70004CE236 /* 모음 사전.swift in Sources */,
				6F8565BE2A12592500FD0A58 /* 1966.swift in Sources */,
			);
			runOnlyForDeploymentPostprocessing = 0;
		};
/* End PBXSourcesBuildPhase section */

/* Begin XCBuildConfiguration section */
		6F98A0B829B6DBE700163FE9 /* Debug */ = {
			isa = XCBuildConfiguration;
			buildSettings = {
				ALWAYS_SEARCH_USER_PATHS = NO;
				CLANG_ANALYZER_NONNULL = YES;
				CLANG_ANALYZER_NUMBER_OBJECT_CONVERSION = YES_AGGRESSIVE;
				CLANG_CXX_LANGUAGE_STANDARD = "gnu++20";
				CLANG_ENABLE_MODULES = YES;
				CLANG_ENABLE_OBJC_ARC = YES;
				CLANG_ENABLE_OBJC_WEAK = YES;
				CLANG_WARN_BLOCK_CAPTURE_AUTORELEASING = YES;
				CLANG_WARN_BOOL_CONVERSION = YES;
				CLANG_WARN_COMMA = YES;
				CLANG_WARN_CONSTANT_CONVERSION = YES;
				CLANG_WARN_DEPRECATED_OBJC_IMPLEMENTATIONS = YES;
				CLANG_WARN_DIRECT_OBJC_ISA_USAGE = YES_ERROR;
				CLANG_WARN_DOCUMENTATION_COMMENTS = YES;
				CLANG_WARN_EMPTY_BODY = YES;
				CLANG_WARN_ENUM_CONVERSION = YES;
				CLANG_WARN_INFINITE_RECURSION = YES;
				CLANG_WARN_INT_CONVERSION = YES;
				CLANG_WARN_NON_LITERAL_NULL_CONVERSION = YES;
				CLANG_WARN_OBJC_IMPLICIT_RETAIN_SELF = YES;
				CLANG_WARN_OBJC_LITERAL_CONVERSION = YES;
				CLANG_WARN_OBJC_ROOT_CLASS = YES_ERROR;
				CLANG_WARN_QUOTED_INCLUDE_IN_FRAMEWORK_HEADER = YES;
				CLANG_WARN_RANGE_LOOP_ANALYSIS = YES;
				CLANG_WARN_STRICT_PROTOTYPES = YES;
				CLANG_WARN_SUSPICIOUS_MOVE = YES;
				CLANG_WARN_UNGUARDED_AVAILABILITY = YES_AGGRESSIVE;
				CLANG_WARN_UNREACHABLE_CODE = YES;
				CLANG_WARN__DUPLICATE_METHOD_MATCH = YES;
				COPY_PHASE_STRIP = NO;
				DEBUG_INFORMATION_FORMAT = dwarf;
				ENABLE_STRICT_OBJC_MSGSEND = YES;
				ENABLE_TESTABILITY = YES;
				GCC_C_LANGUAGE_STANDARD = gnu11;
				GCC_DYNAMIC_NO_PIC = NO;
				GCC_NO_COMMON_BLOCKS = YES;
				GCC_OPTIMIZATION_LEVEL = 0;
				GCC_PREPROCESSOR_DEFINITIONS = (
					"DEBUG=1",
					"$(inherited)",
				);
				GCC_WARN_64_TO_32_BIT_CONVERSION = YES;
				GCC_WARN_ABOUT_RETURN_TYPE = YES_ERROR;
				GCC_WARN_UNDECLARED_SELECTOR = YES;
				GCC_WARN_UNINITIALIZED_AUTOS = YES_AGGRESSIVE;
				GCC_WARN_UNUSED_FUNCTION = YES;
				GCC_WARN_UNUSED_VARIABLE = YES;
				MACOSX_DEPLOYMENT_TARGET = 13.0;
				MTL_ENABLE_DEBUG_INFO = INCLUDE_SOURCE;
				MTL_FAST_MATH = YES;
				ONLY_ACTIVE_ARCH = YES;
				SDKROOT = macosx;
				SWIFT_ACTIVE_COMPILATION_CONDITIONS = DEBUG;
				SWIFT_OPTIMIZATION_LEVEL = "-Onone";
			};
			name = Debug;
		};
		6F98A0B929B6DBE700163FE9 /* Release */ = {
			isa = XCBuildConfiguration;
			buildSettings = {
				ALWAYS_SEARCH_USER_PATHS = NO;
				CLANG_ANALYZER_NONNULL = YES;
				CLANG_ANALYZER_NUMBER_OBJECT_CONVERSION = YES_AGGRESSIVE;
				CLANG_CXX_LANGUAGE_STANDARD = "gnu++20";
				CLANG_ENABLE_MODULES = YES;
				CLANG_ENABLE_OBJC_ARC = YES;
				CLANG_ENABLE_OBJC_WEAK = YES;
				CLANG_WARN_BLOCK_CAPTURE_AUTORELEASING = YES;
				CLANG_WARN_BOOL_CONVERSION = YES;
				CLANG_WARN_COMMA = YES;
				CLANG_WARN_CONSTANT_CONVERSION = YES;
				CLANG_WARN_DEPRECATED_OBJC_IMPLEMENTATIONS = YES;
				CLANG_WARN_DIRECT_OBJC_ISA_USAGE = YES_ERROR;
				CLANG_WARN_DOCUMENTATION_COMMENTS = YES;
				CLANG_WARN_EMPTY_BODY = YES;
				CLANG_WARN_ENUM_CONVERSION = YES;
				CLANG_WARN_INFINITE_RECURSION = YES;
				CLANG_WARN_INT_CONVERSION = YES;
				CLANG_WARN_NON_LITERAL_NULL_CONVERSION = YES;
				CLANG_WARN_OBJC_IMPLICIT_RETAIN_SELF = YES;
				CLANG_WARN_OBJC_LITERAL_CONVERSION = YES;
				CLANG_WARN_OBJC_ROOT_CLASS = YES_ERROR;
				CLANG_WARN_QUOTED_INCLUDE_IN_FRAMEWORK_HEADER = YES;
				CLANG_WARN_RANGE_LOOP_ANALYSIS = YES;
				CLANG_WARN_STRICT_PROTOTYPES = YES;
				CLANG_WARN_SUSPICIOUS_MOVE = YES;
				CLANG_WARN_UNGUARDED_AVAILABILITY = YES_AGGRESSIVE;
				CLANG_WARN_UNREACHABLE_CODE = YES;
				CLANG_WARN__DUPLICATE_METHOD_MATCH = YES;
				COPY_PHASE_STRIP = NO;
				DEBUG_INFORMATION_FORMAT = "dwarf-with-dsym";
				ENABLE_NS_ASSERTIONS = NO;
				ENABLE_STRICT_OBJC_MSGSEND = YES;
				GCC_C_LANGUAGE_STANDARD = gnu11;
				GCC_NO_COMMON_BLOCKS = YES;
				GCC_WARN_64_TO_32_BIT_CONVERSION = YES;
				GCC_WARN_ABOUT_RETURN_TYPE = YES_ERROR;
				GCC_WARN_UNDECLARED_SELECTOR = YES;
				GCC_WARN_UNINITIALIZED_AUTOS = YES_AGGRESSIVE;
				GCC_WARN_UNUSED_FUNCTION = YES;
				GCC_WARN_UNUSED_VARIABLE = YES;
				MACOSX_DEPLOYMENT_TARGET = 13.0;
				MTL_ENABLE_DEBUG_INFO = NO;
				MTL_FAST_MATH = YES;
				SDKROOT = macosx;
				SWIFT_COMPILATION_MODE = wholemodule;
				SWIFT_OPTIMIZATION_LEVEL = "-O";
			};
			name = Release;
		};
		6F98A0BB29B6DBE700163FE9 /* Debug */ = {
			isa = XCBuildConfiguration;
			buildSettings = {
				CODE_SIGN_STYLE = Automatic;
				PRODUCT_NAME = "$(TARGET_NAME)";
				SWIFT_VERSION = 5.0;
			};
			name = Debug;
		};
		6F98A0BC29B6DBE700163FE9 /* Release */ = {
			isa = XCBuildConfiguration;
			buildSettings = {
				CODE_SIGN_STYLE = Automatic;
				PRODUCT_NAME = "$(TARGET_NAME)";
				SWIFT_VERSION = 5.0;
			};
			name = Release;
		};
/* End XCBuildConfiguration section */

/* Begin XCConfigurationList section */
		6F98A0AE29B6DBE700163FE9 /* Build configuration list for PBXProject "AlgorithmStudy" */ = {
			isa = XCConfigurationList;
			buildConfigurations = (
				6F98A0B829B6DBE700163FE9 /* Debug */,
				6F98A0B929B6DBE700163FE9 /* Release */,
			);
			defaultConfigurationIsVisible = 0;
			defaultConfigurationName = Release;
		};
		6F98A0BA29B6DBE700163FE9 /* Build configuration list for PBXNativeTarget "AlgorithmStudy" */ = {
			isa = XCConfigurationList;
			buildConfigurations = (
				6F98A0BB29B6DBE700163FE9 /* Debug */,
				6F98A0BC29B6DBE700163FE9 /* Release */,
			);
			defaultConfigurationIsVisible = 0;
			defaultConfigurationName = Release;
		};
/* End XCConfigurationList section */
	};
	rootObject = 6F98A0AB29B6DBE700163FE9 /* Project object */;
}
