// !$*UTF8*$!
{
	archiveVersion = 1;
	classes = {
	};
	objectVersion = 56;
	objects = {

/* Begin PBXBuildFile section */
		6F1A4F8429BB1AB000705EFD /* 10845.swift in Sources */ = {isa = PBXBuildFile; fileRef = 6F1A4F8329BB1AB000705EFD /* 10845.swift */; };
		6F24030E29B8ACC200CC236B /* 15649.swift in Sources */ = {isa = PBXBuildFile; fileRef = 6F24030D29B8ACC200CC236B /* 15649.swift */; };
		6F24031029B8B2FF00CC236B /* 2609.swift in Sources */ = {isa = PBXBuildFile; fileRef = 6F24030F29B8B2FF00CC236B /* 2609.swift */; };
		6F2B660329BEB7B600D89CE2 /* 11653.swift in Sources */ = {isa = PBXBuildFile; fileRef = 6F2B660229BEB7B600D89CE2 /* 11653.swift */; };
		6F2B660529BEBC4D00D89CE2 /* 9020.swift in Sources */ = {isa = PBXBuildFile; fileRef = 6F2B660429BEBC4D00D89CE2 /* 9020.swift */; };
		6F2F7E2029FE31F0007FF00B /* 2947.swift in Sources */ = {isa = PBXBuildFile; fileRef = 6F2F7E1F29FE31F0007FF00B /* 2947.swift */; };
		6F369C2D29B81E3F00E2A3FE /* 1978.swift in Sources */ = {isa = PBXBuildFile; fileRef = 6F369C2C29B81E3F00E2A3FE /* 1978.swift */; };
		6F369C2F29B8274100E2A3FE /* 4948.swift in Sources */ = {isa = PBXBuildFile; fileRef = 6F369C2E29B8274100E2A3FE /* 4948.swift */; };
		6F38B1B929BA05DA0092B94A /* 10828.swift in Sources */ = {isa = PBXBuildFile; fileRef = 6F38B1B829BA05DA0092B94A /* 10828.swift */; };
		6F38B1BB29BA0C5A0092B94A /* 9012.swift in Sources */ = {isa = PBXBuildFile; fileRef = 6F38B1BA29BA0C5A0092B94A /* 9012.swift */; };
		6F38B1BD29BA15400092B94A /* 10773.swift in Sources */ = {isa = PBXBuildFile; fileRef = 6F38B1BC29BA15400092B94A /* 10773.swift */; };
		6F38B1BF29BA1EDC0092B94A /* 1935.swift in Sources */ = {isa = PBXBuildFile; fileRef = 6F38B1BE29BA1EDC0092B94A /* 1935.swift */; };
		6F3AD26729FE5B7100EF70D5 /* 1431.swift in Sources */ = {isa = PBXBuildFile; fileRef = 6F3AD26629FE5B7100EF70D5 /* 1431.swift */; };
		6F3D929929EEAEC10070CEDF /* 10870.swift in Sources */ = {isa = PBXBuildFile; fileRef = 6F3D929829EEAEC10070CEDF /* 10870.swift */; };
		6F3D929C29EEB16A0070CEDF /* 17478.swift in Sources */ = {isa = PBXBuildFile; fileRef = 6F3D929B29EEB16A0070CEDF /* 17478.swift */; };
		6F3D929E29EEC16B0070CEDF /* 1914.swift in Sources */ = {isa = PBXBuildFile; fileRef = 6F3D929D29EEC16B0070CEDF /* 1914.swift */; };
		6F4349FD29F545FF00C29485 /* 10799.swift in Sources */ = {isa = PBXBuildFile; fileRef = 6F4349FC29F545FF00C29485 /* 10799.swift */; };
		6F4349FF29F5523100C29485 /* 2493.swift in Sources */ = {isa = PBXBuildFile; fileRef = 6F4349FE29F5523100C29485 /* 2493.swift */; };
		6F434A0129F5691300C29485 /* 10814.swift in Sources */ = {isa = PBXBuildFile; fileRef = 6F434A0029F5691300C29485 /* 10814.swift */; };
		6F434A0329F570E300C29485 /* 1427.swift in Sources */ = {isa = PBXBuildFile; fileRef = 6F434A0229F570E300C29485 /* 1427.swift */; };
		6F434A0529F5759600C29485 /* cyndi.swift in Sources */ = {isa = PBXBuildFile; fileRef = 6F434A0429F5759600C29485 /* cyndi.swift */; };
		6F4355C529F4E11C00F66672 /* 올바른괄호.swift in Sources */ = {isa = PBXBuildFile; fileRef = 6F4355C429F4E11C00F66672 /* 올바른괄호.swift */; };
		6F54DF3129EC1760002EC070 /* 10866.swift in Sources */ = {isa = PBXBuildFile; fileRef = 6F54DF3029EC1760002EC070 /* 10866.swift */; };
		6F62685E29C0982E00595458 /* 1406.swift in Sources */ = {isa = PBXBuildFile; fileRef = 6F62685D29C0982E00595458 /* 1406.swift */; };
		6F8B30302A0694DA0086B4D6 /* 2750.swift in Sources */ = {isa = PBXBuildFile; fileRef = 6F8B302F2A0694DA0086B4D6 /* 2750.swift */; };
		6F8B30322A0696500086B4D6 /* 10989.swift in Sources */ = {isa = PBXBuildFile; fileRef = 6F8B30312A0696500086B4D6 /* 10989.swift */; };
		6F8C37CE29C2B1110041BD40 /* 17103.swift in Sources */ = {isa = PBXBuildFile; fileRef = 6F8C37CD29C2B1110041BD40 /* 17103.swift */; };
		6F8C37D029C2B6570041BD40 /* 18258.swift in Sources */ = {isa = PBXBuildFile; fileRef = 6F8C37CF29C2B6570041BD40 /* 18258.swift */; };
		6F98A0B729B6DBE700163FE9 /* 8393.swift in Sources */ = {isa = PBXBuildFile; fileRef = 6F98A0B629B6DBE700163FE9 /* 8393.swift */; };
		6F98A0BF29B6DD1E00163FE9 /* main.swift in Sources */ = {isa = PBXBuildFile; fileRef = 6F98A0BE29B6DD1E00163FE9 /* main.swift */; };
		6F98A0C129B6DF7A00163FE9 /* 1929.swift in Sources */ = {isa = PBXBuildFile; fileRef = 6F98A0C029B6DF7A00163FE9 /* 1929.swift */; };
		6FA8741329C15D180038056A /* 1182.swift in Sources */ = {isa = PBXBuildFile; fileRef = 6FA8741229C15D180038056A /* 1182.swift */; };
		6FA8741529C167C30038056A /* 1874.swift in Sources */ = {isa = PBXBuildFile; fileRef = 6FA8741429C167C30038056A /* 1874.swift */; };
		6FB0724B29EA79C700F9B568 /* 2164.swift in Sources */ = {isa = PBXBuildFile; fileRef = 6FB0724A29EA79C700F9B568 /* 2164.swift */; };
		6FB757AE29F80D1C00693D46 /* 17298.swift in Sources */ = {isa = PBXBuildFile; fileRef = 6FB757AD29F80D1C00693D46 /* 17298.swift */; };
		6FC9594B2A091ADB0096231E /* 14467.swift in Sources */ = {isa = PBXBuildFile; fileRef = 6FC9594A2A091ADB0096231E /* 14467.swift */; };
		6FCE0A2729FBDB14006830A6 /* 2812.swift in Sources */ = {isa = PBXBuildFile; fileRef = 6FCE0A2629FBDB14006830A6 /* 2812.swift */; };
		6FE6DD0629C00BF400731621 /* 6588.swift in Sources */ = {isa = PBXBuildFile; fileRef = 6FE6DD0529C00BF400731621 /* 6588.swift */; };
		6FFD05242A09ED8F00B428F9 /* 5597.swift in Sources */ = {isa = PBXBuildFile; fileRef = 6FFD05232A09ED8F00B428F9 /* 5597.swift */; };
		6FFD05262A09F21500B428F9 /* 1244.swift in Sources */ = {isa = PBXBuildFile; fileRef = 6FFD05252A09F21500B428F9 /* 1244.swift */; };
/* End PBXBuildFile section */

/* Begin PBXCopyFilesBuildPhase section */
		6F98A0B129B6DBE700163FE9 /* CopyFiles */ = {
			isa = PBXCopyFilesBuildPhase;
			buildActionMask = 2147483647;
			dstPath = /usr/share/man/man1/;
			dstSubfolderSpec = 0;
			files = (
			);
			runOnlyForDeploymentPostprocessing = 1;
		};
/* End PBXCopyFilesBuildPhase section */

/* Begin PBXFileReference section */
		6F15109829C7FDD8000323FF /* README.md */ = {isa = PBXFileReference; lastKnownFileType = net.daringfireball.markdown; path = README.md; sourceTree = "<group>"; };
		6F1A4F8329BB1AB000705EFD /* 10845.swift */ = {isa = PBXFileReference; lastKnownFileType = sourcecode.swift; path = 10845.swift; sourceTree = "<group>"; };
		6F24030D29B8ACC200CC236B /* 15649.swift */ = {isa = PBXFileReference; lastKnownFileType = sourcecode.swift; path = 15649.swift; sourceTree = "<group>"; };
		6F24030F29B8B2FF00CC236B /* 2609.swift */ = {isa = PBXFileReference; lastKnownFileType = sourcecode.swift; path = 2609.swift; sourceTree = "<group>"; };
		6F2B660229BEB7B600D89CE2 /* 11653.swift */ = {isa = PBXFileReference; lastKnownFileType = sourcecode.swift; path = 11653.swift; sourceTree = "<group>"; };
		6F2B660429BEBC4D00D89CE2 /* 9020.swift */ = {isa = PBXFileReference; lastKnownFileType = sourcecode.swift; path = 9020.swift; sourceTree = "<group>"; };
		6F2F7E1F29FE31F0007FF00B /* 2947.swift */ = {isa = PBXFileReference; lastKnownFileType = sourcecode.swift; path = 2947.swift; sourceTree = "<group>"; };
		6F369C2C29B81E3F00E2A3FE /* 1978.swift */ = {isa = PBXFileReference; lastKnownFileType = sourcecode.swift; path = 1978.swift; sourceTree = "<group>"; };
		6F369C2E29B8274100E2A3FE /* 4948.swift */ = {isa = PBXFileReference; lastKnownFileType = sourcecode.swift; path = 4948.swift; sourceTree = "<group>"; };
		6F38B1B829BA05DA0092B94A /* 10828.swift */ = {isa = PBXFileReference; lastKnownFileType = sourcecode.swift; path = 10828.swift; sourceTree = "<group>"; };
		6F38B1BA29BA0C5A0092B94A /* 9012.swift */ = {isa = PBXFileReference; lastKnownFileType = sourcecode.swift; path = 9012.swift; sourceTree = "<group>"; };
		6F38B1BC29BA15400092B94A /* 10773.swift */ = {isa = PBXFileReference; lastKnownFileType = sourcecode.swift; path = 10773.swift; sourceTree = "<group>"; };
		6F38B1BE29BA1EDC0092B94A /* 1935.swift */ = {isa = PBXFileReference; lastKnownFileType = sourcecode.swift; path = 1935.swift; sourceTree = "<group>"; };
		6F3AD26629FE5B7100EF70D5 /* 1431.swift */ = {isa = PBXFileReference; lastKnownFileType = sourcecode.swift; path = 1431.swift; sourceTree = "<group>"; };
		6F3D929829EEAEC10070CEDF /* 10870.swift */ = {isa = PBXFileReference; lastKnownFileType = sourcecode.swift; path = 10870.swift; sourceTree = "<group>"; };
		6F3D929B29EEB16A0070CEDF /* 17478.swift */ = {isa = PBXFileReference; lastKnownFileType = sourcecode.swift; path = 17478.swift; sourceTree = "<group>"; };
		6F3D929D29EEC16B0070CEDF /* 1914.swift */ = {isa = PBXFileReference; lastKnownFileType = sourcecode.swift; path = 1914.swift; sourceTree = "<group>"; };
		6F4349FC29F545FF00C29485 /* 10799.swift */ = {isa = PBXFileReference; lastKnownFileType = sourcecode.swift; path = 10799.swift; sourceTree = "<group>"; };
		6F4349FE29F5523100C29485 /* 2493.swift */ = {isa = PBXFileReference; lastKnownFileType = sourcecode.swift; path = 2493.swift; sourceTree = "<group>"; };
		6F434A0029F5691300C29485 /* 10814.swift */ = {isa = PBXFileReference; lastKnownFileType = sourcecode.swift; path = 10814.swift; sourceTree = "<group>"; };
		6F434A0229F570E300C29485 /* 1427.swift */ = {isa = PBXFileReference; lastKnownFileType = sourcecode.swift; path = 1427.swift; sourceTree = "<group>"; };
		6F434A0429F5759600C29485 /* cyndi.swift */ = {isa = PBXFileReference; lastKnownFileType = sourcecode.swift; path = cyndi.swift; sourceTree = "<group>"; };
		6F4355C429F4E11C00F66672 /* 올바른괄호.swift */ = {isa = PBXFileReference; lastKnownFileType = sourcecode.swift; path = "올바른괄호.swift"; sourceTree = "<group>"; };
		6F54DF3029EC1760002EC070 /* 10866.swift */ = {isa = PBXFileReference; lastKnownFileType = sourcecode.swift; path = 10866.swift; sourceTree = "<group>"; };
		6F62685D29C0982E00595458 /* 1406.swift */ = {isa = PBXFileReference; lastKnownFileType = sourcecode.swift; path = 1406.swift; sourceTree = "<group>"; };
		6F8B302F2A0694DA0086B4D6 /* 2750.swift */ = {isa = PBXFileReference; lastKnownFileType = sourcecode.swift; path = 2750.swift; sourceTree = "<group>"; };
		6F8B30312A0696500086B4D6 /* 10989.swift */ = {isa = PBXFileReference; lastKnownFileType = sourcecode.swift; path = 10989.swift; sourceTree = "<group>"; };
		6F8C37CD29C2B1110041BD40 /* 17103.swift */ = {isa = PBXFileReference; lastKnownFileType = sourcecode.swift; path = 17103.swift; sourceTree = "<group>"; };
		6F8C37CF29C2B6570041BD40 /* 18258.swift */ = {isa = PBXFileReference; lastKnownFileType = sourcecode.swift; path = 18258.swift; sourceTree = "<group>"; };
		6F98A0B329B6DBE700163FE9 /* AlgorithmStudy */ = {isa = PBXFileReference; explicitFileType = "compiled.mach-o.executable"; includeInIndex = 0; path = AlgorithmStudy; sourceTree = BUILT_PRODUCTS_DIR; };
		6F98A0B629B6DBE700163FE9 /* 8393.swift */ = {isa = PBXFileReference; lastKnownFileType = sourcecode.swift; path = 8393.swift; sourceTree = "<group>"; };
		6F98A0BE29B6DD1E00163FE9 /* main.swift */ = {isa = PBXFileReference; lastKnownFileType = sourcecode.swift; path = main.swift; sourceTree = "<group>"; };
		6F98A0C029B6DF7A00163FE9 /* 1929.swift */ = {isa = PBXFileReference; lastKnownFileType = sourcecode.swift; path = 1929.swift; sourceTree = "<group>"; };
		6FA8741229C15D180038056A /* 1182.swift */ = {isa = PBXFileReference; lastKnownFileType = sourcecode.swift; path = 1182.swift; sourceTree = "<group>"; };
		6FA8741429C167C30038056A /* 1874.swift */ = {isa = PBXFileReference; lastKnownFileType = sourcecode.swift; path = 1874.swift; sourceTree = "<group>"; };
		6FB0724A29EA79C700F9B568 /* 2164.swift */ = {isa = PBXFileReference; lastKnownFileType = sourcecode.swift; path = 2164.swift; sourceTree = "<group>"; };
		6FB757AD29F80D1C00693D46 /* 17298.swift */ = {isa = PBXFileReference; lastKnownFileType = sourcecode.swift; path = 17298.swift; sourceTree = "<group>"; };
		6FC9594A2A091ADB0096231E /* 14467.swift */ = {isa = PBXFileReference; lastKnownFileType = sourcecode.swift; path = 14467.swift; sourceTree = "<group>"; };
		6FCE0A2629FBDB14006830A6 /* 2812.swift */ = {isa = PBXFileReference; lastKnownFileType = sourcecode.swift; path = 2812.swift; sourceTree = "<group>"; };
		6FE6DD0529C00BF400731621 /* 6588.swift */ = {isa = PBXFileReference; lastKnownFileType = sourcecode.swift; path = 6588.swift; sourceTree = "<group>"; };
		6FFD05232A09ED8F00B428F9 /* 5597.swift */ = {isa = PBXFileReference; lastKnownFileType = sourcecode.swift; path = 5597.swift; sourceTree = "<group>"; };
		6FFD05252A09F21500B428F9 /* 1244.swift */ = {isa = PBXFileReference; lastKnownFileType = sourcecode.swift; path = 1244.swift; sourceTree = "<group>"; };
/* End PBXFileReference section */

/* Begin PBXFrameworksBuildPhase section */
		6F98A0B029B6DBE700163FE9 /* Frameworks */ = {
			isa = PBXFrameworksBuildPhase;
			buildActionMask = 2147483647;
			files = (
			);
			runOnlyForDeploymentPostprocessing = 0;
		};
/* End PBXFrameworksBuildPhase section */

/* Begin PBXGroup section */
		6F2B65FF29BEB64100D89CE2 /* math */ = {
			isa = PBXGroup;
			children = (
				6F2B660429BEBC4D00D89CE2 /* 9020.swift */,
				6F2B660229BEB7B600D89CE2 /* 11653.swift */,
				6F98A0B629B6DBE700163FE9 /* 8393.swift */,
				6F98A0C029B6DF7A00163FE9 /* 1929.swift */,
				6F369C2C29B81E3F00E2A3FE /* 1978.swift */,
				6F369C2E29B8274100E2A3FE /* 4948.swift */,
				6F24030F29B8B2FF00CC236B /* 2609.swift */,
				6FE6DD0529C00BF400731621 /* 6588.swift */,
				6F8C37CD29C2B1110041BD40 /* 17103.swift */,
			);
			path = math;
			sourceTree = "<group>";
		};
		6F2B660029BEB68C00D89CE2 /* dataStructure */ = {
			isa = PBXGroup;
			children = (
				6F4349FC29F545FF00C29485 /* 10799.swift */,
				6F54DF3029EC1760002EC070 /* 10866.swift */,
				6FB0724A29EA79C700F9B568 /* 2164.swift */,
				6F4349FE29F5523100C29485 /* 2493.swift */,
				6F38B1B829BA05DA0092B94A /* 10828.swift */,
				6F38B1BA29BA0C5A0092B94A /* 9012.swift */,
				6F38B1BC29BA15400092B94A /* 10773.swift */,
				6F38B1BE29BA1EDC0092B94A /* 1935.swift */,
				6F1A4F8329BB1AB000705EFD /* 10845.swift */,
				6FA8741429C167C30038056A /* 1874.swift */,
				6FB757AD29F80D1C00693D46 /* 17298.swift */,
			);
			path = dataStructure;
			sourceTree = "<group>";
		};
		6F2B660129BEB71300D89CE2 /* try */ = {
			isa = PBXGroup;
			children = (
				6F3AD26629FE5B7100EF70D5 /* 1431.swift */,
				6F3D929D29EEC16B0070CEDF /* 1914.swift */,
				6F24030D29B8ACC200CC236B /* 15649.swift */,
				6F62685D29C0982E00595458 /* 1406.swift */,
				6FA8741229C15D180038056A /* 1182.swift */,
				6F8C37CF29C2B6570041BD40 /* 18258.swift */,
				6FCE0A2629FBDB14006830A6 /* 2812.swift */,
			);
			path = try;
			sourceTree = "<group>";
		};
		6F3D929A29EEB1320070CEDF /* recursive_sorting */ = {
			isa = PBXGroup;
			children = (
				6F3D929B29EEB16A0070CEDF /* 17478.swift */,
				6F3D929829EEAEC10070CEDF /* 10870.swift */,
				6F434A0029F5691300C29485 /* 10814.swift */,
				6F434A0229F570E300C29485 /* 1427.swift */,
				6F2F7E1F29FE31F0007FF00B /* 2947.swift */,
				6F8B302F2A0694DA0086B4D6 /* 2750.swift */,
				6F8B30312A0696500086B4D6 /* 10989.swift */,
			);
			path = recursive_sorting;
			sourceTree = "<group>";
		};
		6F4355C229F4E0E500F66672 /* programmers */ = {
			isa = PBXGroup;
			children = (
				6F4355C329F4E0F500F66672 /* stack_queue */,
			);
			path = programmers;
			sourceTree = "<group>";
		};
		6F4355C329F4E0F500F66672 /* stack_queue */ = {
			isa = PBXGroup;
			children = (
				6F4355C429F4E11C00F66672 /* 올바른괄호.swift */,
			);
			path = stack_queue;
			sourceTree = "<group>";
		};
		6F98A0AA29B6DBE700163FE9 = {
			isa = PBXGroup;
			children = (
				6F98A0B529B6DBE700163FE9 /* AlgorithmStudy */,
				6F98A0B429B6DBE700163FE9 /* Products */,
			);
			sourceTree = "<group>";
		};
		6F98A0B429B6DBE700163FE9 /* Products */ = {
			isa = PBXGroup;
			children = (
				6F98A0B329B6DBE700163FE9 /* AlgorithmStudy */,
			);
			name = Products;
			sourceTree = "<group>";
		};
		6F98A0B529B6DBE700163FE9 /* AlgorithmStudy */ = {
			isa = PBXGroup;
			children = (
				6F15109829C7FDD8000323FF /* README.md */,
				6F98A0BE29B6DD1E00163FE9 /* main.swift */,
				6F4355C229F4E0E500F66672 /* programmers */,
				6F98A0BD29B6DC4A00163FE9 /* baekjoon */,
				6F434A0429F5759600C29485 /* cyndi.swift */,
			);
			path = AlgorithmStudy;
			sourceTree = "<group>";
		};
		6F98A0BD29B6DC4A00163FE9 /* baekjoon */ = {
			isa = PBXGroup;
			children = (
				6FC959492A091A980096231E /* implement */,
				6F3D929A29EEB1320070CEDF /* recursive_sorting */,
				6F2B660129BEB71300D89CE2 /* try */,
				6F2B660029BEB68C00D89CE2 /* dataStructure */,
				6F2B65FF29BEB64100D89CE2 /* math */,
			);
			path = baekjoon;
			sourceTree = "<group>";
		};
		6FC959492A091A980096231E /* implement */ = {
			isa = PBXGroup;
			children = (
				6FC9594A2A091ADB0096231E /* 14467.swift */,
				6FFD05232A09ED8F00B428F9 /* 5597.swift */,
				6FFD05252A09F21500B428F9 /* 1244.swift */,
			);
			path = implement;
			sourceTree = "<group>";
		};
/* End PBXGroup section */

/* Begin PBXNativeTarget section */
		6F98A0B229B6DBE700163FE9 /* AlgorithmStudy */ = {
			isa = PBXNativeTarget;
			buildConfigurationList = 6F98A0BA29B6DBE700163FE9 /* Build configuration list for PBXNativeTarget "AlgorithmStudy" */;
			buildPhases = (
				6F98A0AF29B6DBE700163FE9 /* Sources */,
				6F98A0B029B6DBE700163FE9 /* Frameworks */,
				6F98A0B129B6DBE700163FE9 /* CopyFiles */,
			);
			buildRules = (
			);
			dependencies = (
			);
			name = AlgorithmStudy;
			productName = AlgorithmStudy;
			productReference = 6F98A0B329B6DBE700163FE9 /* AlgorithmStudy */;
			productType = "com.apple.product-type.tool";
		};
/* End PBXNativeTarget section */

/* Begin PBXProject section */
		6F98A0AB29B6DBE700163FE9 /* Project object */ = {
			isa = PBXProject;
			attributes = {
				BuildIndependentTargetsInParallel = 1;
				LastSwiftUpdateCheck = 1410;
				LastUpgradeCheck = 1410;
				TargetAttributes = {
					6F98A0B229B6DBE700163FE9 = {
						CreatedOnToolsVersion = 14.1;
					};
				};
			};
			buildConfigurationList = 6F98A0AE29B6DBE700163FE9 /* Build configuration list for PBXProject "AlgorithmStudy" */;
			compatibilityVersion = "Xcode 14.0";
			developmentRegion = en;
			hasScannedForEncodings = 0;
			knownRegions = (
				en,
				Base,
			);
			mainGroup = 6F98A0AA29B6DBE700163FE9;
			productRefGroup = 6F98A0B429B6DBE700163FE9 /* Products */;
			projectDirPath = "";
			projectRoot = "";
			targets = (
				6F98A0B229B6DBE700163FE9 /* AlgorithmStudy */,
			);
		};
/* End PBXProject section */

/* Begin PBXSourcesBuildPhase section */
		6F98A0AF29B6DBE700163FE9 /* Sources */ = {
			isa = PBXSourcesBuildPhase;
			buildActionMask = 2147483647;
			files = (
				6FFD05262A09F21500B428F9 /* 1244.swift in Sources */,
				6FCE0A2729FBDB14006830A6 /* 2812.swift in Sources */,
				6F3D929E29EEC16B0070CEDF /* 1914.swift in Sources */,
				6F62685E29C0982E00595458 /* 1406.swift in Sources */,
				6F3D929929EEAEC10070CEDF /* 10870.swift in Sources */,
				6F8C37CE29C2B1110041BD40 /* 17103.swift in Sources */,
				6F8B30322A0696500086B4D6 /* 10989.swift in Sources */,
				6F1A4F8429BB1AB000705EFD /* 10845.swift in Sources */,
				6F98A0BF29B6DD1E00163FE9 /* main.swift in Sources */,
				6FB0724B29EA79C700F9B568 /* 2164.swift in Sources */,
				6FFD05242A09ED8F00B428F9 /* 5597.swift in Sources */,
				6F38B1BB29BA0C5A0092B94A /* 9012.swift in Sources */,
				6F434A0129F5691300C29485 /* 10814.swift in Sources */,
				6F4355C529F4E11C00F66672 /* 올바른괄호.swift in Sources */,
				6F38B1B929BA05DA0092B94A /* 10828.swift in Sources */,
				6F8C37D029C2B6570041BD40 /* 18258.swift in Sources */,
				6F434A0529F5759600C29485 /* cyndi.swift in Sources */,
				6FE6DD0629C00BF400731621 /* 6588.swift in Sources */,
				6F54DF3129EC1760002EC070 /* 10866.swift in Sources */,
				6F2B660529BEBC4D00D89CE2 /* 9020.swift in Sources */,
				6F4349FD29F545FF00C29485 /* 10799.swift in Sources */,
				6FB757AE29F80D1C00693D46 /* 17298.swift in Sources */,
				6F8B30302A0694DA0086B4D6 /* 2750.swift in Sources */,
				6F4349FF29F5523100C29485 /* 2493.swift in Sources */,
				6F434A0329F570E300C29485 /* 1427.swift in Sources */,
				6F98A0C129B6DF7A00163FE9 /* 1929.swift in Sources */,
				6F38B1BD29BA15400092B94A /* 10773.swift in Sources */,
				6F24031029B8B2FF00CC236B /* 2609.swift in Sources */,
				6FA8741329C15D180038056A /* 1182.swift in Sources */,
				6F2F7E2029FE31F0007FF00B /* 2947.swift in Sources */,
				6FA8741529C167C30038056A /* 1874.swift in Sources */,
				6F3D929C29EEB16A0070CEDF /* 17478.swift in Sources */,
				6F2B660329BEB7B600D89CE2 /* 11653.swift in Sources */,
				6F369C2D29B81E3F00E2A3FE /* 1978.swift in Sources */,
				6F24030E29B8ACC200CC236B /* 15649.swift in Sources */,
				6F38B1BF29BA1EDC0092B94A /* 1935.swift in Sources */,
				6F3AD26729FE5B7100EF70D5 /* 1431.swift in Sources */,
				6F98A0B729B6DBE700163FE9 /* 8393.swift in Sources */,
				6FC9594B2A091ADB0096231E /* 14467.swift in Sources */,
				6F369C2F29B8274100E2A3FE /* 4948.swift in Sources */,
			);
			runOnlyForDeploymentPostprocessing = 0;
		};
/* End PBXSourcesBuildPhase section */

/* Begin XCBuildConfiguration section */
		6F98A0B829B6DBE700163FE9 /* Debug */ = {
			isa = XCBuildConfiguration;
			buildSettings = {
				ALWAYS_SEARCH_USER_PATHS = NO;
				CLANG_ANALYZER_NONNULL = YES;
				CLANG_ANALYZER_NUMBER_OBJECT_CONVERSION = YES_AGGRESSIVE;
				CLANG_CXX_LANGUAGE_STANDARD = "gnu++20";
				CLANG_ENABLE_MODULES = YES;
				CLANG_ENABLE_OBJC_ARC = YES;
				CLANG_ENABLE_OBJC_WEAK = YES;
				CLANG_WARN_BLOCK_CAPTURE_AUTORELEASING = YES;
				CLANG_WARN_BOOL_CONVERSION = YES;
				CLANG_WARN_COMMA = YES;
				CLANG_WARN_CONSTANT_CONVERSION = YES;
				CLANG_WARN_DEPRECATED_OBJC_IMPLEMENTATIONS = YES;
				CLANG_WARN_DIRECT_OBJC_ISA_USAGE = YES_ERROR;
				CLANG_WARN_DOCUMENTATION_COMMENTS = YES;
				CLANG_WARN_EMPTY_BODY = YES;
				CLANG_WARN_ENUM_CONVERSION = YES;
				CLANG_WARN_INFINITE_RECURSION = YES;
				CLANG_WARN_INT_CONVERSION = YES;
				CLANG_WARN_NON_LITERAL_NULL_CONVERSION = YES;
				CLANG_WARN_OBJC_IMPLICIT_RETAIN_SELF = YES;
				CLANG_WARN_OBJC_LITERAL_CONVERSION = YES;
				CLANG_WARN_OBJC_ROOT_CLASS = YES_ERROR;
				CLANG_WARN_QUOTED_INCLUDE_IN_FRAMEWORK_HEADER = YES;
				CLANG_WARN_RANGE_LOOP_ANALYSIS = YES;
				CLANG_WARN_STRICT_PROTOTYPES = YES;
				CLANG_WARN_SUSPICIOUS_MOVE = YES;
				CLANG_WARN_UNGUARDED_AVAILABILITY = YES_AGGRESSIVE;
				CLANG_WARN_UNREACHABLE_CODE = YES;
				CLANG_WARN__DUPLICATE_METHOD_MATCH = YES;
				COPY_PHASE_STRIP = NO;
				DEBUG_INFORMATION_FORMAT = dwarf;
				ENABLE_STRICT_OBJC_MSGSEND = YES;
				ENABLE_TESTABILITY = YES;
				GCC_C_LANGUAGE_STANDARD = gnu11;
				GCC_DYNAMIC_NO_PIC = NO;
				GCC_NO_COMMON_BLOCKS = YES;
				GCC_OPTIMIZATION_LEVEL = 0;
				GCC_PREPROCESSOR_DEFINITIONS = (
					"DEBUG=1",
					"$(inherited)",
				);
				GCC_WARN_64_TO_32_BIT_CONVERSION = YES;
				GCC_WARN_ABOUT_RETURN_TYPE = YES_ERROR;
				GCC_WARN_UNDECLARED_SELECTOR = YES;
				GCC_WARN_UNINITIALIZED_AUTOS = YES_AGGRESSIVE;
				GCC_WARN_UNUSED_FUNCTION = YES;
				GCC_WARN_UNUSED_VARIABLE = YES;
				MACOSX_DEPLOYMENT_TARGET = 13.0;
				MTL_ENABLE_DEBUG_INFO = INCLUDE_SOURCE;
				MTL_FAST_MATH = YES;
				ONLY_ACTIVE_ARCH = YES;
				SDKROOT = macosx;
				SWIFT_ACTIVE_COMPILATION_CONDITIONS = DEBUG;
				SWIFT_OPTIMIZATION_LEVEL = "-Onone";
			};
			name = Debug;
		};
		6F98A0B929B6DBE700163FE9 /* Release */ = {
			isa = XCBuildConfiguration;
			buildSettings = {
				ALWAYS_SEARCH_USER_PATHS = NO;
				CLANG_ANALYZER_NONNULL = YES;
				CLANG_ANALYZER_NUMBER_OBJECT_CONVERSION = YES_AGGRESSIVE;
				CLANG_CXX_LANGUAGE_STANDARD = "gnu++20";
				CLANG_ENABLE_MODULES = YES;
				CLANG_ENABLE_OBJC_ARC = YES;
				CLANG_ENABLE_OBJC_WEAK = YES;
				CLANG_WARN_BLOCK_CAPTURE_AUTORELEASING = YES;
				CLANG_WARN_BOOL_CONVERSION = YES;
				CLANG_WARN_COMMA = YES;
				CLANG_WARN_CONSTANT_CONVERSION = YES;
				CLANG_WARN_DEPRECATED_OBJC_IMPLEMENTATIONS = YES;
				CLANG_WARN_DIRECT_OBJC_ISA_USAGE = YES_ERROR;
				CLANG_WARN_DOCUMENTATION_COMMENTS = YES;
				CLANG_WARN_EMPTY_BODY = YES;
				CLANG_WARN_ENUM_CONVERSION = YES;
				CLANG_WARN_INFINITE_RECURSION = YES;
				CLANG_WARN_INT_CONVERSION = YES;
				CLANG_WARN_NON_LITERAL_NULL_CONVERSION = YES;
				CLANG_WARN_OBJC_IMPLICIT_RETAIN_SELF = YES;
				CLANG_WARN_OBJC_LITERAL_CONVERSION = YES;
				CLANG_WARN_OBJC_ROOT_CLASS = YES_ERROR;
				CLANG_WARN_QUOTED_INCLUDE_IN_FRAMEWORK_HEADER = YES;
				CLANG_WARN_RANGE_LOOP_ANALYSIS = YES;
				CLANG_WARN_STRICT_PROTOTYPES = YES;
				CLANG_WARN_SUSPICIOUS_MOVE = YES;
				CLANG_WARN_UNGUARDED_AVAILABILITY = YES_AGGRESSIVE;
				CLANG_WARN_UNREACHABLE_CODE = YES;
				CLANG_WARN__DUPLICATE_METHOD_MATCH = YES;
				COPY_PHASE_STRIP = NO;
				DEBUG_INFORMATION_FORMAT = "dwarf-with-dsym";
				ENABLE_NS_ASSERTIONS = NO;
				ENABLE_STRICT_OBJC_MSGSEND = YES;
				GCC_C_LANGUAGE_STANDARD = gnu11;
				GCC_NO_COMMON_BLOCKS = YES;
				GCC_WARN_64_TO_32_BIT_CONVERSION = YES;
				GCC_WARN_ABOUT_RETURN_TYPE = YES_ERROR;
				GCC_WARN_UNDECLARED_SELECTOR = YES;
				GCC_WARN_UNINITIALIZED_AUTOS = YES_AGGRESSIVE;
				GCC_WARN_UNUSED_FUNCTION = YES;
				GCC_WARN_UNUSED_VARIABLE = YES;
				MACOSX_DEPLOYMENT_TARGET = 13.0;
				MTL_ENABLE_DEBUG_INFO = NO;
				MTL_FAST_MATH = YES;
				SDKROOT = macosx;
				SWIFT_COMPILATION_MODE = wholemodule;
				SWIFT_OPTIMIZATION_LEVEL = "-O";
			};
			name = Release;
		};
		6F98A0BB29B6DBE700163FE9 /* Debug */ = {
			isa = XCBuildConfiguration;
			buildSettings = {
				CODE_SIGN_STYLE = Automatic;
				PRODUCT_NAME = "$(TARGET_NAME)";
				SWIFT_VERSION = 5.0;
			};
			name = Debug;
		};
		6F98A0BC29B6DBE700163FE9 /* Release */ = {
			isa = XCBuildConfiguration;
			buildSettings = {
				CODE_SIGN_STYLE = Automatic;
				PRODUCT_NAME = "$(TARGET_NAME)";
				SWIFT_VERSION = 5.0;
			};
			name = Release;
		};
/* End XCBuildConfiguration section */

/* Begin XCConfigurationList section */
		6F98A0AE29B6DBE700163FE9 /* Build configuration list for PBXProject "AlgorithmStudy" */ = {
			isa = XCConfigurationList;
			buildConfigurations = (
				6F98A0B829B6DBE700163FE9 /* Debug */,
				6F98A0B929B6DBE700163FE9 /* Release */,
			);
			defaultConfigurationIsVisible = 0;
			defaultConfigurationName = Release;
		};
		6F98A0BA29B6DBE700163FE9 /* Build configuration list for PBXNativeTarget "AlgorithmStudy" */ = {
			isa = XCConfigurationList;
			buildConfigurations = (
				6F98A0BB29B6DBE700163FE9 /* Debug */,
				6F98A0BC29B6DBE700163FE9 /* Release */,
			);
			defaultConfigurationIsVisible = 0;
			defaultConfigurationName = Release;
		};
/* End XCConfigurationList section */
	};
	rootObject = 6F98A0AB29B6DBE700163FE9 /* Project object */;
}
